// !$*UTF8*$!
{
	archiveVersion = 1;
	classes = {
	};
	objectVersion = 46;
	objects = {

/* Begin PBXAggregateTarget section */
		0566921D13F54F15891A7F77 /* RUN_TESTS */ = {
			isa = PBXAggregateTarget;
			buildConfigurationList = 472AE133DC754E33A76C2CB5 /* Build configuration list for PBXAggregateTarget "RUN_TESTS" */;
			buildPhases = (
			);
			dependencies = (
			);
			name = RUN_TESTS;
			productName = RUN_TESTS;
		};
		2BDCF0ABAB9840488000BBA1 /* distcheck */ = {
			isa = PBXAggregateTarget;
			buildConfigurationList = DCAE7B653D344BCB8945FD0A /* Build configuration list for PBXAggregateTarget "distcheck" */;
			buildPhases = (
			);
			dependencies = (
				1C0E8C5533F346BCA526E5B0 /* PBXTargetDependency */,
				909F76FA4A2445FFB649B097 /* PBXTargetDependency */,
			);
			name = distcheck;
			productName = distcheck;
		};
		3F2FDED81B6346C79449E9AF /* install */ = {
			isa = PBXAggregateTarget;
			buildConfigurationList = 8500610289724E39BF0D3C5F /* Build configuration list for PBXAggregateTarget "install" */;
			buildPhases = (
			);
			dependencies = (
				D60D35CF37A14D65A7DB5DAD /* PBXTargetDependency */,
			);
			name = install;
			productName = install;
		};
		5375F706A384466B808EB175 /* ALL_BUILD */ = {
			isa = PBXAggregateTarget;
			buildConfigurationList = E86F38DB161E485BB35EB5F8 /* Build configuration list for PBXAggregateTarget "ALL_BUILD" */;
			buildPhases = (
			);
			dependencies = (
				DA2095069D114B5689F3A77C /* PBXTargetDependency */,
				C75C014492AD42A990C04369 /* PBXTargetDependency */,
			);
			name = ALL_BUILD;
			productName = ALL_BUILD;
		};
		6DA3239BEBAC44F986B15894 /* ZERO_CHECK */ = {
			isa = PBXAggregateTarget;
			buildConfigurationList = AA304F6FF4C64B58956C70D5 /* Build configuration list for PBXAggregateTarget "ZERO_CHECK" */;
			buildPhases = (
			);
			dependencies = (
			);
			name = ZERO_CHECK;
			productName = ZERO_CHECK;
		};
		BDEAEDD8762148E3BF1BB194 /* dist */ = {
			isa = PBXAggregateTarget;
			buildConfigurationList = BA84E78C85B6416293B182C4 /* Build configuration list for PBXAggregateTarget "dist" */;
			buildPhases = (
			);
			dependencies = (
				7CC83CF52EEF4F8F9C300ECB /* PBXTargetDependency */,
			);
			name = dist;
			productName = dist;
		};
/* End PBXAggregateTarget section */

/* Begin PBXBuildFile section */
		00EC85C74AE9465CA3BD85BC /* zip_source_compress.c in Sources */ = {isa = PBXBuildFile; fileRef = 8EB3331A3FE445099F054FC4 /* zip_source_compress.c */; };
		05E9CC35EEFC4B69B4EA1C92 /* zip_pkware.c in Sources */ = {isa = PBXBuildFile; fileRef = A54155D2A0704EB9B2DE6217 /* zip_pkware.c */; };
		08D6D2557526451EBB9840E9 /* zip_discard.c in Sources */ = {isa = PBXBuildFile; fileRef = A3487154014C43F28149394B /* zip_discard.c */; };
		0AFCB844E1D94D5580F216BD /* zip_algorithm_xz.c in Sources */ = {isa = PBXBuildFile; fileRef = 48E0FE01D9DF45EA8605D657 /* zip_algorithm_xz.c */; };
		0CF89DA4CD044AAEA45A4B52 /* zip_dirent.c in Sources */ = {isa = PBXBuildFile; fileRef = BBF5E01563CF4350AAFA12F8 /* zip_dirent.c */; };
		0D818973CAB246FDB978C3BD /* zip_source_read.c in Sources */ = {isa = PBXBuildFile; fileRef = 2522E58DD45D4ADF96F6815B /* zip_source_read.c */; };
		0F0712635E3748CB9926674F /* zip_set_default_password.c in Sources */ = {isa = PBXBuildFile; fileRef = 312ABF47678A41C9B9131598 /* zip_set_default_password.c */; };
		10BBA106C8624DF18C10ACA6 /* zip_fclose.c in Sources */ = {isa = PBXBuildFile; fileRef = DB61BF2EE1D6430D8338E0E9 /* zip_fclose.c */; };
		112C3F8E325A449AB80F391C /* zip_name_locate.c in Sources */ = {isa = PBXBuildFile; fileRef = AB1ACADDBE414DA9AEE50F99 /* zip_name_locate.c */; };
		11791314A95D48C686202C2E /* zip_source_remove.c in Sources */ = {isa = PBXBuildFile; fileRef = 59E649ABDC1749CF9CDBC706 /* zip_source_remove.c */; };
		11B65BAA66054CC7A1936E26 /* zip_libzip_version.c in Sources */ = {isa = PBXBuildFile; fileRef = 15547F6DFF05421C8A38F1F9 /* zip_libzip_version.c */; };
		12201BAA50EC4AF39205602B /* zip_file_get_comment.c in Sources */ = {isa = PBXBuildFile; fileRef = 9766C6DAFA414896B4957BCC /* zip_file_get_comment.c */; };
		13FBF2D07179460CA7FD42C8 /* zip_fread.c in Sources */ = {isa = PBXBuildFile; fileRef = 188D99FDA8D44FFC82F691DF /* zip_fread.c */; };
		15C7DAA305E34529B218FD4C /* zip_fseek.c in Sources */ = {isa = PBXBuildFile; fileRef = E6372ABEB9E648279E34EC1B /* zip_fseek.c */; };
		15D59755D88E4E70A3009E55 /* zip_source_zip.c in Sources */ = {isa = PBXBuildFile; fileRef = 8D78CB196A85468AB92271FA /* zip_source_zip.c */; };
		173A132E0A91488EAA2C751D /* zip_file_strerror.c in Sources */ = {isa = PBXBuildFile; fileRef = DE72CA4B1AD046BEB628EEF7 /* zip_file_strerror.c */; };
		1B7DBF97661E4281B024B822 /* zip_source_winzip_aes_encode.c in Sources */ = {isa = PBXBuildFile; fileRef = CFE97D939B2B483EB50083D1 /* zip_source_winzip_aes_encode.c */; };
		1CB2227DFFE942E4B4672187 /* zip_get_archive_flag.c in Sources */ = {isa = PBXBuildFile; fileRef = 38C97B35059F4EE9B58ADD79 /* zip_get_archive_flag.c */; };
		1DB65666CC4F4B7591A813C2 /* zip_source_file_stdio_named.c in Sources */ = {isa = PBXBuildFile; fileRef = A5C8AC8CE7EB422385A0E414 /* zip_source_file_stdio_named.c */; };
		2072764603B44F43963B971E /* zip_new.c in Sources */ = {isa = PBXBuildFile; fileRef = B20E8FCA1BC14E18B1035526 /* zip_new.c */; };
		21AF21DCC5824FA0927C5DF8 /* zip_get_name.c in Sources */ = {isa = PBXBuildFile; fileRef = 3327668D243C4E07BF189CB8 /* zip_get_name.c */; };
		23CEBBB4DDFD4BE8AE8AFCAC /* zip_error_to_str.c in Sources */ = {isa = PBXBuildFile; fileRef = 794BE1279F3C48518717BC5A /* zip_error_to_str.c */; };
		243126AB70814F4D94324D45 /* zip_fopen_encrypted.c in Sources */ = {isa = PBXBuildFile; fileRef = FE6F3AA8C7F44FF889FE7A78 /* zip_fopen_encrypted.c */; };
		271E7A581A4C4DBCBB0F7563 /* zip_source_get_file_attributes.c in Sources */ = {isa = PBXBuildFile; fileRef = 8A2753CD530F4BFB8F250306 /* zip_source_get_file_attributes.c */; };
		2888D872DDDE4CB7AC539583 /* zip_source_accept_empty.c in Sources */ = {isa = PBXBuildFile; fileRef = 3BFE639A9F29477EB8AB13F3 /* zip_source_accept_empty.c */; };
		29CE7FEEA0624D63902215B5 /* zip_add_dir.c in Sources */ = {isa = PBXBuildFile; fileRef = E30CDAE288D74280BBCA5C3D /* zip_add_dir.c */; };
		29F0F1A8B26A4BCB8375EF88 /* zip_get_num_files.c in Sources */ = {isa = PBXBuildFile; fileRef = 855308AE05C249E59512DBC4 /* zip_get_num_files.c */; };
		29FEB87F0FC24CE4A6BBA836 /* zip_source_is_deleted.c in Sources */ = {isa = PBXBuildFile; fileRef = BD3EBD2B010E4A0CB9B14645 /* zip_source_is_deleted.c */; };
		2DF6010DC81145429515F8D3 /* zip_source_pkware_decode.c in Sources */ = {isa = PBXBuildFile; fileRef = AC9C7F72431E486B991BF4DD /* zip_source_pkware_decode.c */; };
		2ED62D2FF38D4C83A54A0DA5 /* zip_set_name.c in Sources */ = {isa = PBXBuildFile; fileRef = 340DB79D87794FA2B7EC91F8 /* zip_set_name.c */; };
		32082C92115D414D9953EAB2 /* zip_source_zip_new.c in Sources */ = {isa = PBXBuildFile; fileRef = CEA425AD61804B1292F2E9AA /* zip_source_zip_new.c */; };
		358217B5B7054747B911FBBC /* zip_get_encryption_implementation.c in Sources */ = {isa = PBXBuildFile; fileRef = 19FD2542F3F342099C0CA3F1 /* zip_get_encryption_implementation.c */; };
		35E08D6CB15C485089584F2E /* zip_utf-8.c in Sources */ = {isa = PBXBuildFile; fileRef = F92B8EEB9BEB4498B65044DB /* zip_utf-8.c */; };
		38AE301225F54FE0927681C3 /* zip_stat.c in Sources */ = {isa = PBXBuildFile; fileRef = 3DA0BA4C26294E128C9C5E92 /* zip_stat.c */; };
		39DACE5F25E54951A564564A /* zip_memdup.c in Sources */ = {isa = PBXBuildFile; fileRef = EB7CC9164CAA4E8F819AC651 /* zip_memdup.c */; };
		3C46973D46BA4A51B5E3C05C /* zip_delete.c in Sources */ = {isa = PBXBuildFile; fileRef = 378C71BAC7074DA4AB420D74 /* zip_delete.c */; };
		3DC1F7F4FF704A87B77E34DA /* zip_err_str.c in Sources */ = {isa = PBXBuildFile; fileRef = 0016B809C209420080263BB0 /* zip_err_str.c */; };
		3F83E135B2314C3087264259 /* zip_set_archive_flag.c in Sources */ = {isa = PBXBuildFile; fileRef = D851FD892D83401FB3A6F254 /* zip_set_archive_flag.c */; };
		3FFF3F8066EB4E5E9B5FAEB5 /* zip_get_num_entries.c in Sources */ = {isa = PBXBuildFile; fileRef = 5498B6FBBE43499E8A1E9AE5 /* zip_get_num_entries.c */; };
		404C2439A59F4BEA8B5E95CB /* zip_source_free.c in Sources */ = {isa = PBXBuildFile; fileRef = 7714F9116A1B4CBEA64CD3E4 /* zip_source_free.c */; };
		405FBBE058C743F4A6B8F24A /* zip_error_strerror.c in Sources */ = {isa = PBXBuildFile; fileRef = 48419CF4D0C4417683A42960 /* zip_error_strerror.c */; };
		40AE3DE8C41E4A0F9CC089C2 /* zip_close.c in Sources */ = {isa = PBXBuildFile; fileRef = 05013C7AB8514B1CAEED448E /* zip_close.c */; };
		43DA887C4FC64CD4A92AF80F /* zip_set_file_compression.c in Sources */ = {isa = PBXBuildFile; fileRef = 59B39001E2064975BDCC930D /* zip_set_file_compression.c */; };
		43F966CCF1334472B61CBC5A /* zip_progress.c in Sources */ = {isa = PBXBuildFile; fileRef = 08BB6BFB087E4B76AE306763 /* zip_progress.c */; };
		446FA81D4D314C0FB1BC8502 /* zip_source_stat.c in Sources */ = {isa = PBXBuildFile; fileRef = E8838B67F82D4D51B979F6CE /* zip_source_stat.c */; };
		45C5097A85F84BCFB7A4C04A /* zip_mkstempm.c in Sources */ = {isa = PBXBuildFile; fileRef = 21EE506D9E0A4D45822FE525 /* zip_mkstempm.c */; };
		495E81E4B3C44992830ED245 /* zip_get_archive_comment.c in Sources */ = {isa = PBXBuildFile; fileRef = CFAE40EFB7CC4E2B830B53BD /* zip_get_archive_comment.c */; };
		49DD63CCC7F04B5B853D3F38 /* zip_winzip_aes.c in Sources */ = {isa = PBXBuildFile; fileRef = 0C0ACAFE4FB44ABFA9CEEDA1 /* zip_winzip_aes.c */; };
		4B6A007F981F435EAD5B185F /* zip_error.c in Sources */ = {isa = PBXBuildFile; fileRef = 8CD4928556D64E0DAF05B0AC /* zip_error.c */; };
		545C1C69889E40BAA4B23366 /* zip_random_unix.c in Sources */ = {isa = PBXBuildFile; fileRef = 339F4C6A28DB40A4BD473D51 /* zip_random_unix.c */; };
		54B24F4A05894963A44459BF /* zip_dir_add.c in Sources */ = {isa = PBXBuildFile; fileRef = 9B700A2582A64FAA86C8505F /* zip_dir_add.c */; };
		54BEAB208877472285C8BE71 /* zip_file_set_encryption.c in Sources */ = {isa = PBXBuildFile; fileRef = 220DBA8A221240C8949BA4A6 /* zip_file_set_encryption.c */; };
		55B8DCCBD5F14C73A9973A95 /* zip_source_supports.c in Sources */ = {isa = PBXBuildFile; fileRef = 6FF52C14ACD34D8BA1DA4EBC /* zip_source_supports.c */; };
		56DE56A899E34C8DA70DA68F /* zip_file_replace.c in Sources */ = {isa = PBXBuildFile; fileRef = A7EE761815E349FDA57FEE6B /* zip_file_replace.c */; };
		57836F50DE4C42A5B0A87C4D /* zip_source_rollback_write.c in Sources */ = {isa = PBXBuildFile; fileRef = 949233E936EC405789D970D6 /* zip_source_rollback_write.c */; };
		5B7AF399E9A54C0589DC9913 /* zip_unchange.c in Sources */ = {isa = PBXBuildFile; fileRef = 6CE10CA0619E4CBC8F4C19A7 /* zip_unchange.c */; };
		5BBF0C59F46F4A90B63B2C8B /* zip_add.c in Sources */ = {isa = PBXBuildFile; fileRef = 0C337D06E502442997A2A488 /* zip_add.c */; };
		5D4E9F8A098A428CB511C8C4 /* zip_extra_field.c in Sources */ = {isa = PBXBuildFile; fileRef = 8AC4C06376914AD2A343750B /* zip_extra_field.c */; };
		5F6EC9E61C9840CEA9C1839E /* zip_source_error.c in Sources */ = {isa = PBXBuildFile; fileRef = B00552915BA7415B9E837AD5 /* zip_source_error.c */; };
		6200FDAF273A40B7A657B974 /* zip_source_close.c in Sources */ = {isa = PBXBuildFile; fileRef = EAE7BA1737FC4363AF677B95 /* zip_source_close.c */; };
		6496DD4231C84236A7EEDBE8 /* zip_fdopen.c in Sources */ = {isa = PBXBuildFile; fileRef = 7BB348784F874BA08311B6AB /* zip_fdopen.c */; };
		67116C4639DB4B92829CDB29 /* zip_error_get.c in Sources */ = {isa = PBXBuildFile; fileRef = 704DEF2CFD404927883863FD /* zip_error_get.c */; };
		6B470458E11B438AB0657428 /* zip_file_add.c in Sources */ = {isa = PBXBuildFile; fileRef = E20EA70061644D01B6133346 /* zip_file_add.c */; };
		70D609BEB3D4450897AEA95C /* zip_buffer.c in Sources */ = {isa = PBXBuildFile; fileRef = B93306B9FA504CDA98BEA82E /* zip_buffer.c */; };
		711AA71DDCDD44398A6C8015 /* zip_error_get_sys_type.c in Sources */ = {isa = PBXBuildFile; fileRef = A158077F93C245C588C31029 /* zip_error_get_sys_type.c */; };
		7426053901AF46AAA8FEAA64 /* zip_source_file_common.c in Sources */ = {isa = PBXBuildFile; fileRef = A7E5628C04C8414D967BE3C9 /* zip_source_file_common.c */; };
		75134A2C0ED540B583E208CC /* zip_source_commit_write.c in Sources */ = {isa = PBXBuildFile; fileRef = 587617306C964E1B894DDA69 /* zip_source_commit_write.c */; };
		76AEBCC63A424797AB91C663 /* zip_source_begin_write.c in Sources */ = {isa = PBXBuildFile; fileRef = 1CE06A30A08B447689573C18 /* zip_source_begin_write.c */; };
		77034D65E5CD4A93B29EF3ED /* zip_replace.c in Sources */ = {isa = PBXBuildFile; fileRef = 04A292732E88431786B65CE7 /* zip_replace.c */; };
		7A3EE1E969874CCA9C599861 /* zip_source_tell_write.c in Sources */ = {isa = PBXBuildFile; fileRef = DC502022BFF845A9AF29C7F8 /* zip_source_tell_write.c */; };
		80CBE8B5E1394E70B35320D7 /* zip_extra_field_api.c in Sources */ = {isa = PBXBuildFile; fileRef = B57E504C674B474F8F448B8E /* zip_extra_field_api.c */; };
		830667961041488D89A8CEF7 /* zip_io_util.c in Sources */ = {isa = PBXBuildFile; fileRef = E9EE0262C21845CA85701E9D /* zip_io_util.c */; };
		8436D4050F6A4E6F812987B5 /* zip_string.c in Sources */ = {isa = PBXBuildFile; fileRef = 9AADB770383746ABB263306E /* zip_string.c */; };
		88FEE02B28A74CF68A4EC267 /* zip_source_write.c in Sources */ = {isa = PBXBuildFile; fileRef = FDFE84A886964BF4A252B788 /* zip_source_write.c */; };
		8BC6BD3374784CDC99C6BA9D /* zip_source_begin_write_cloning.c in Sources */ = {isa = PBXBuildFile; fileRef = 4BAC7603D91C41E3AC067320 /* zip_source_begin_write_cloning.c */; };
		8D1A4855580F48AB834EB89C /* zip_file_get_offset.c in Sources */ = {isa = PBXBuildFile; fileRef = B31B14ECD42B4FB089AFD458 /* zip_file_get_offset.c */; };
		8D1CD3FD09E141338D91ED29 /* zip_file_error_clear.c in Sources */ = {isa = PBXBuildFile; fileRef = 58B61EEAA1814D608560C315 /* zip_file_error_clear.c */; };
		900D6EBB03BE4D229AD1B9D1 /* zip_set_file_comment.c in Sources */ = {isa = PBXBuildFile; fileRef = 5AF509D9EA22401F86FC5327 /* zip_set_file_comment.c */; };
		929A1DECBC314E8088166B47 /* zip_fopen.c in Sources */ = {isa = PBXBuildFile; fileRef = E689B5B811694458B953987D /* zip_fopen.c */; };
		95ADCAF9BA534CCA9675485E /* zip_add_entry.c in Sources */ = {isa = PBXBuildFile; fileRef = EA204F6CA27B440F84481A29 /* zip_add_entry.c */; };
		980F5CFB032C4A7A84269B18 /* zip_set_archive_comment.c in Sources */ = {isa = PBXBuildFile; fileRef = 5062EAC6256F4ABF927F17FF /* zip_set_archive_comment.c */; };
		9C6F821669044772B582F36E /* zip_source_file_stdio.c in Sources */ = {isa = PBXBuildFile; fileRef = 14D46E55ECA24D509F4CC699 /* zip_source_file_stdio.c */; };
		9E01DE5EC3BA445387299866 /* zip_source_buffer.c in Sources */ = {isa = PBXBuildFile; fileRef = 0B09A35E008A48F097BE9602 /* zip_source_buffer.c */; };
		9EA31DA2D3C14EFBAE5DA6FC /* zip_stat_index.c in Sources */ = {isa = PBXBuildFile; fileRef = ECCF3F0BAE084016985FC680 /* zip_stat_index.c */; };
		9F437883A2054C77878A5C89 /* zip_source_call.c in Sources */ = {isa = PBXBuildFile; fileRef = D045F833481642A9BE241F56 /* zip_source_call.c */; };
		A30C7633862848159AABFB11 /* zip_stat_init.c in Sources */ = {isa = PBXBuildFile; fileRef = F8B02A6D2C8449C1AA4BC0B7 /* zip_stat_init.c */; };
		A9EC3DC49EA844C39E8895C1 /* zip_unchange_all.c in Sources */ = {isa = PBXBuildFile; fileRef = 8D3DC67B1DBF40ECB8F2F428 /* zip_unchange_all.c */; };
		ABA32C3E447349DFBC8D0AC3 /* zip_source_tell.c in Sources */ = {isa = PBXBuildFile; fileRef = 8339F8CAC966490B93C5A237 /* zip_source_tell.c */; };
		B0F776D4148D4C74999E96AE /* zip_source_seek_write.c in Sources */ = {isa = PBXBuildFile; fileRef = 5870BCBE0EC4483DB0F893CC /* zip_source_seek_write.c */; };
		B10D5D476E2F433B8D6DB172 /* zip_source_seek.c in Sources */ = {isa = PBXBuildFile; fileRef = 116EE49E6FEB49ACA9A5160E /* zip_source_seek.c */; };
		B1AA618181B543AC926035B7 /* zip_strerror.c in Sources */ = {isa = PBXBuildFile; fileRef = 99900E6C4C8B431FBAF92ECF /* zip_strerror.c */; };
		B6F9475030C64141BA3E24CB /* zip_file_get_external_attributes.c in Sources */ = {isa = PBXBuildFile; fileRef = 71A26A70D7DB42E6997CF57E /* zip_file_get_external_attributes.c */; };
		BB33A3B74E3949D4A8BFA3A4 /* zip_source_layered.c in Sources */ = {isa = PBXBuildFile; fileRef = B5970B67EE704C57863EBFFD /* zip_source_layered.c */; };
		C5E81B5FD1654E64B86218E0 /* zip_fopen_index_encrypted.c in Sources */ = {isa = PBXBuildFile; fileRef = 8BECB3BD39BD472CA8C2EA6C /* zip_fopen_index_encrypted.c */; };
		C6AC60DDDB374E15AB231F95 /* zip_algorithm_bzip2.c in Sources */ = {isa = PBXBuildFile; fileRef = 53BF09F038F7465FB3B92A7D /* zip_algorithm_bzip2.c */; };
		C717B532C95646AC97D4B209 /* zip_file_set_mtime.c in Sources */ = {isa = PBXBuildFile; fileRef = FB0679408BAD41429403C1E8 /* zip_file_set_mtime.c */; };
		C75D049404B84F01B5E39699 /* zip_file_set_comment.c in Sources */ = {isa = PBXBuildFile; fileRef = 3AF6AADABF004381BFF9C6C5 /* zip_file_set_comment.c */; };
		CB238BDF70044ED991E73B4A /* zip_fopen_index.c in Sources */ = {isa = PBXBuildFile; fileRef = 2A5202D603A84975948D166D /* zip_fopen_index.c */; };
		CDCA3E52C19E4E57AB400227 /* zip_algorithm_deflate.c in Sources */ = {isa = PBXBuildFile; fileRef = 3B1B3E4E776541CAA12D010A /* zip_algorithm_deflate.c */; };
		D1352420EE504AE3B6AC9711 /* zip_source_crc.c in Sources */ = {isa = PBXBuildFile; fileRef = A890AFB04B944EC88506C689 /* zip_source_crc.c */; };
		D23D62B882414BDF8978E66C /* zip_entry.c in Sources */ = {isa = PBXBuildFile; fileRef = B41CE6CDAF544D978EE9F356 /* zip_entry.c */; };
		D2A044A04FF34FC78FD7A2A9 /* zip_file_set_external_attributes.c in Sources */ = {isa = PBXBuildFile; fileRef = D2B92AEF2788447198A3A6AB /* zip_file_set_external_attributes.c */; };
		D6ABE1F4D8534620956C3F2C /* zip_source_pkware_encode.c in Sources */ = {isa = PBXBuildFile; fileRef = 00BD818CCACD4841AECE6B89 /* zip_source_pkware_encode.c */; };
		D89EB730287941B888076270 /* zip_get_file_comment.c in Sources */ = {isa = PBXBuildFile; fileRef = 8A8D79C89C9845BEA986C52E /* zip_get_file_comment.c */; };
		D8C528D15A3B44E4BB8B4680 /* zip_source_winzip_aes_decode.c in Sources */ = {isa = PBXBuildFile; fileRef = 503EE935CBC3450FAA2479D0 /* zip_source_winzip_aes_decode.c */; };
		DB0440AA9B1A4F359B32D9D5 /* zip_unchange_data.c in Sources */ = {isa = PBXBuildFile; fileRef = D47B962B16694FB88D0BBC4E /* zip_unchange_data.c */; };
		DEC2F781EB6148E4ABCF7DE7 /* zip_crypto_commoncrypto.c in Sources */ = {isa = PBXBuildFile; fileRef = 09B69CA1F9934082BCA03578 /* zip_crypto_commoncrypto.c */; };
		E20E0E90135846A991D94B27 /* zip_error_clear.c in Sources */ = {isa = PBXBuildFile; fileRef = B07F6FF78F7B40E28B80BABB /* zip_error_clear.c */; };
		E612A1763C2C49F08A2F7BF3 /* zip_hash.c in Sources */ = {isa = PBXBuildFile; fileRef = 9B3537DF1664439F9448461C /* zip_hash.c */; };
		E9D03F2AFDF24CB98FFA5C2E /* zip_source_window.c in Sources */ = {isa = PBXBuildFile; fileRef = EB4DD8A22EC848B686E86346 /* zip_source_window.c */; };
		E9D0801B980840D7B9B7FB16 /* zip_unchange_archive.c in Sources */ = {isa = PBXBuildFile; fileRef = 416651843B314FFA9A614C3C /* zip_unchange_archive.c */; };
		F01FDC6ECA29428DA6985F95 /* zip_file_error_get.c in Sources */ = {isa = PBXBuildFile; fileRef = 9F95F446C1084C9A9E199AE5 /* zip_file_error_get.c */; };
		F6E5A4D2D466424497FB6D08 /* zip_source_open.c in Sources */ = {isa = PBXBuildFile; fileRef = 52239D26D3C54D5BB1D09AB3 /* zip_source_open.c */; };
		F741F9051ABF404C98567F12 /* zip_ftell.c in Sources */ = {isa = PBXBuildFile; fileRef = 6266A08658604E5B9161600D /* zip_ftell.c */; };
		FC7F60AB36FC4C2E811BC13F /* zip_rename.c in Sources */ = {isa = PBXBuildFile; fileRef = E54C3236423345AC80CFC952 /* zip_rename.c */; };
		FCDEB8132ABB40BD984D6824 /* zip_open.c in Sources */ = {isa = PBXBuildFile; fileRef = AB7F722D7C144E9F87E8FC64 /* zip_open.c */; };
		FDCA24B570A6470C8DD65073 /* zip_source_function.c in Sources */ = {isa = PBXBuildFile; fileRef = FF7F3D485E48428F8F954611 /* zip_source_function.c */; };
		FF531D96587F4D69A0FDEE8E /* zip_file_rename.c in Sources */ = {isa = PBXBuildFile; fileRef = 7C48525AB9D7431CAC62594E /* zip_file_rename.c */; };
/* End PBXBuildFile section */

/* Begin PBXContainerItemProxy section */
		3E4AABF5853C42C0AD9C0DF2 /* PBXContainerItemProxy */ = {
			isa = PBXContainerItemProxy;
			containerPortal = EEFD406BDDB1420B9D33F509 /* Project object */;
			proxyType = 1;
			remoteGlobalIDString = 6DA3239BEBAC44F986B15894;
			remoteInfo = ZERO_CHECK;
		};
		7DC85BA71EED446F9CAFC796 /* PBXContainerItemProxy */ = {
			isa = PBXContainerItemProxy;
			containerPortal = EEFD406BDDB1420B9D33F509 /* Project object */;
			proxyType = 1;
			remoteGlobalIDString = BDEAEDD8762148E3BF1BB194;
			remoteInfo = dist;
		};
		8E979B2819F84A4287AAA746 /* PBXContainerItemProxy */ = {
			isa = PBXContainerItemProxy;
			containerPortal = EEFD406BDDB1420B9D33F509 /* Project object */;
			proxyType = 1;
			remoteGlobalIDString = 6DA3239BEBAC44F986B15894;
			remoteInfo = ZERO_CHECK;
		};
		A98545922BF64251AF2373BD /* PBXContainerItemProxy */ = {
			isa = PBXContainerItemProxy;
			containerPortal = EEFD406BDDB1420B9D33F509 /* Project object */;
			proxyType = 1;
			remoteGlobalIDString = 04C66F285A9446649BB72044;
			remoteInfo = zip;
		};
		BEBB85706F554178BCEC5525 /* PBXContainerItemProxy */ = {
			isa = PBXContainerItemProxy;
			containerPortal = EEFD406BDDB1420B9D33F509 /* Project object */;
			proxyType = 1;
			remoteGlobalIDString = 6DA3239BEBAC44F986B15894;
			remoteInfo = ZERO_CHECK;
		};
		D0FA8639AEE44D9BAAEC5B9E /* PBXContainerItemProxy */ = {
			isa = PBXContainerItemProxy;
			containerPortal = EEFD406BDDB1420B9D33F509 /* Project object */;
			proxyType = 1;
			remoteGlobalIDString = 6DA3239BEBAC44F986B15894;
			remoteInfo = ZERO_CHECK;
		};
		E347ADE7F9124D409FCBBD0D /* PBXContainerItemProxy */ = {
			isa = PBXContainerItemProxy;
			containerPortal = EEFD406BDDB1420B9D33F509 /* Project object */;
			proxyType = 1;
			remoteGlobalIDString = 5375F706A384466B808EB175;
			remoteInfo = ALL_BUILD;
		};
/* End PBXContainerItemProxy section */

/* Begin PBXFileReference section */
		0016B809C209420080263BB0 /* zip_err_str.c */ = {isa = PBXFileReference; explicitFileType = sourcecode.c.c; fileEncoding = 4; name = zip_err_str.c; path = ../../lib/zip_err_str.c; sourceTree = "<group>"; };
		00BD818CCACD4841AECE6B89 /* zip_source_pkware_encode.c */ = {isa = PBXFileReference; explicitFileType = sourcecode.c.c; fileEncoding = 4; name = zip_source_pkware_encode.c; path = lib/zip_source_pkware_encode.c; sourceTree = "<group>"; };
		04A292732E88431786B65CE7 /* zip_replace.c */ = {isa = PBXFileReference; explicitFileType = sourcecode.c.c; fileEncoding = 4; name = zip_replace.c; path = lib/zip_replace.c; sourceTree = "<group>"; };
		05013C7AB8514B1CAEED448E /* zip_close.c */ = {isa = PBXFileReference; explicitFileType = sourcecode.c.c; fileEncoding = 4; name = zip_close.c; path = lib/zip_close.c; sourceTree = "<group>"; };
		08BB6BFB087E4B76AE306763 /* zip_progress.c */ = {isa = PBXFileReference; explicitFileType = sourcecode.c.c; fileEncoding = 4; name = zip_progress.c; path = lib/zip_progress.c; sourceTree = "<group>"; };
		09B69CA1F9934082BCA03578 /* zip_crypto_commoncrypto.c */ = {isa = PBXFileReference; explicitFileType = sourcecode.c.c; fileEncoding = 4; name = zip_crypto_commoncrypto.c; path = lib/zip_crypto_commoncrypto.c; sourceTree = "<group>"; };
		0B09A35E008A48F097BE9602 /* zip_source_buffer.c */ = {isa = PBXFileReference; explicitFileType = sourcecode.c.c; fileEncoding = 4; name = zip_source_buffer.c; path = lib/zip_source_buffer.c; sourceTree = "<group>"; };
		0C0ACAFE4FB44ABFA9CEEDA1 /* zip_winzip_aes.c */ = {isa = PBXFileReference; explicitFileType = sourcecode.c.c; fileEncoding = 4; name = zip_winzip_aes.c; path = lib/zip_winzip_aes.c; sourceTree = "<group>"; };
		0C337D06E502442997A2A488 /* zip_add.c */ = {isa = PBXFileReference; explicitFileType = sourcecode.c.c; fileEncoding = 4; name = zip_add.c; path = lib/zip_add.c; sourceTree = "<group>"; };
		0F33E70C997449F8A6F6B9C1 /* libzip.dylib */ = {isa = PBXFileReference; explicitFileType = "compiled.mach-o.dylib"; path = libzip.dylib; sourceTree = BUILT_PRODUCTS_DIR; };
		116EE49E6FEB49ACA9A5160E /* zip_source_seek.c */ = {isa = PBXFileReference; explicitFileType = sourcecode.c.c; fileEncoding = 4; name = zip_source_seek.c; path = lib/zip_source_seek.c; sourceTree = "<group>"; };
		14D46E55ECA24D509F4CC699 /* zip_source_file_stdio.c */ = {isa = PBXFileReference; explicitFileType = sourcecode.c.c; fileEncoding = 4; name = zip_source_file_stdio.c; path = lib/zip_source_file_stdio.c; sourceTree = "<group>"; };
		15547F6DFF05421C8A38F1F9 /* zip_libzip_version.c */ = {isa = PBXFileReference; explicitFileType = sourcecode.c.c; fileEncoding = 4; name = zip_libzip_version.c; path = lib/zip_libzip_version.c; sourceTree = "<group>"; };
		188D99FDA8D44FFC82F691DF /* zip_fread.c */ = {isa = PBXFileReference; explicitFileType = sourcecode.c.c; fileEncoding = 4; name = zip_fread.c; path = lib/zip_fread.c; sourceTree = "<group>"; };
		19FD2542F3F342099C0CA3F1 /* zip_get_encryption_implementation.c */ = {isa = PBXFileReference; explicitFileType = sourcecode.c.c; fileEncoding = 4; name = zip_get_encryption_implementation.c; path = lib/zip_get_encryption_implementation.c; sourceTree = "<group>"; };
		1CE06A30A08B447689573C18 /* zip_source_begin_write.c */ = {isa = PBXFileReference; explicitFileType = sourcecode.c.c; fileEncoding = 4; name = zip_source_begin_write.c; path = lib/zip_source_begin_write.c; sourceTree = "<group>"; };
		21EE506D9E0A4D45822FE525 /* zip_mkstempm.c */ = {isa = PBXFileReference; explicitFileType = sourcecode.c.c; fileEncoding = 4; name = zip_mkstempm.c; path = lib/zip_mkstempm.c; sourceTree = "<group>"; };
		220DBA8A221240C8949BA4A6 /* zip_file_set_encryption.c */ = {isa = PBXFileReference; explicitFileType = sourcecode.c.c; fileEncoding = 4; name = zip_file_set_encryption.c; path = lib/zip_file_set_encryption.c; sourceTree = "<group>"; };
		2522E58DD45D4ADF96F6815B /* zip_source_read.c */ = {isa = PBXFileReference; explicitFileType = sourcecode.c.c; fileEncoding = 4; name = zip_source_read.c; path = lib/zip_source_read.c; sourceTree = "<group>"; };
		2A5202D603A84975948D166D /* zip_fopen_index.c */ = {isa = PBXFileReference; explicitFileType = sourcecode.c.c; fileEncoding = 4; name = zip_fopen_index.c; path = lib/zip_fopen_index.c; sourceTree = "<group>"; };
		312ABF47678A41C9B9131598 /* zip_set_default_password.c */ = {isa = PBXFileReference; explicitFileType = sourcecode.c.c; fileEncoding = 4; name = zip_set_default_password.c; path = lib/zip_set_default_password.c; sourceTree = "<group>"; };
		3327668D243C4E07BF189CB8 /* zip_get_name.c */ = {isa = PBXFileReference; explicitFileType = sourcecode.c.c; fileEncoding = 4; name = zip_get_name.c; path = lib/zip_get_name.c; sourceTree = "<group>"; };
		339F4C6A28DB40A4BD473D51 /* zip_random_unix.c */ = {isa = PBXFileReference; explicitFileType = sourcecode.c.c; fileEncoding = 4; name = zip_random_unix.c; path = lib/zip_random_unix.c; sourceTree = "<group>"; };
		340DB79D87794FA2B7EC91F8 /* zip_set_name.c */ = {isa = PBXFileReference; explicitFileType = sourcecode.c.c; fileEncoding = 4; name = zip_set_name.c; path = lib/zip_set_name.c; sourceTree = "<group>"; };
		378C71BAC7074DA4AB420D74 /* zip_delete.c */ = {isa = PBXFileReference; explicitFileType = sourcecode.c.c; fileEncoding = 4; name = zip_delete.c; path = lib/zip_delete.c; sourceTree = "<group>"; };
		38C97B35059F4EE9B58ADD79 /* zip_get_archive_flag.c */ = {isa = PBXFileReference; explicitFileType = sourcecode.c.c; fileEncoding = 4; name = zip_get_archive_flag.c; path = lib/zip_get_archive_flag.c; sourceTree = "<group>"; };
		3AF6AADABF004381BFF9C6C5 /* zip_file_set_comment.c */ = {isa = PBXFileReference; explicitFileType = sourcecode.c.c; fileEncoding = 4; name = zip_file_set_comment.c; path = lib/zip_file_set_comment.c; sourceTree = "<group>"; };
		3B1B3E4E776541CAA12D010A /* zip_algorithm_deflate.c */ = {isa = PBXFileReference; explicitFileType = sourcecode.c.c; fileEncoding = 4; name = zip_algorithm_deflate.c; path = lib/zip_algorithm_deflate.c; sourceTree = "<group>"; };
		3BFE639A9F29477EB8AB13F3 /* zip_source_accept_empty.c */ = {isa = PBXFileReference; explicitFileType = sourcecode.c.c; fileEncoding = 4; name = zip_source_accept_empty.c; path = lib/zip_source_accept_empty.c; sourceTree = "<group>"; };
		3DA0BA4C26294E128C9C5E92 /* zip_stat.c */ = {isa = PBXFileReference; explicitFileType = sourcecode.c.c; fileEncoding = 4; name = zip_stat.c; path = lib/zip_stat.c; sourceTree = "<group>"; };
		416651843B314FFA9A614C3C /* zip_unchange_archive.c */ = {isa = PBXFileReference; explicitFileType = sourcecode.c.c; fileEncoding = 4; name = zip_unchange_archive.c; path = lib/zip_unchange_archive.c; sourceTree = "<group>"; };
		48419CF4D0C4417683A42960 /* zip_error_strerror.c */ = {isa = PBXFileReference; explicitFileType = sourcecode.c.c; fileEncoding = 4; name = zip_error_strerror.c; path = lib/zip_error_strerror.c; sourceTree = "<group>"; };
		48E0FE01D9DF45EA8605D657 /* zip_algorithm_xz.c */ = {isa = PBXFileReference; explicitFileType = sourcecode.c.c; fileEncoding = 4; name = zip_algorithm_xz.c; path = lib/zip_algorithm_xz.c; sourceTree = "<group>"; };
		4BAC7603D91C41E3AC067320 /* zip_source_begin_write_cloning.c */ = {isa = PBXFileReference; explicitFileType = sourcecode.c.c; fileEncoding = 4; name = zip_source_begin_write_cloning.c; path = lib/zip_source_begin_write_cloning.c; sourceTree = "<group>"; };
		503EE935CBC3450FAA2479D0 /* zip_source_winzip_aes_decode.c */ = {isa = PBXFileReference; explicitFileType = sourcecode.c.c; fileEncoding = 4; name = zip_source_winzip_aes_decode.c; path = lib/zip_source_winzip_aes_decode.c; sourceTree = "<group>"; };
		5062EAC6256F4ABF927F17FF /* zip_set_archive_comment.c */ = {isa = PBXFileReference; explicitFileType = sourcecode.c.c; fileEncoding = 4; name = zip_set_archive_comment.c; path = lib/zip_set_archive_comment.c; sourceTree = "<group>"; };
		52239D26D3C54D5BB1D09AB3 /* zip_source_open.c */ = {isa = PBXFileReference; explicitFileType = sourcecode.c.c; fileEncoding = 4; name = zip_source_open.c; path = lib/zip_source_open.c; sourceTree = "<group>"; };
		53BF09F038F7465FB3B92A7D /* zip_algorithm_bzip2.c */ = {isa = PBXFileReference; explicitFileType = sourcecode.c.c; fileEncoding = 4; name = zip_algorithm_bzip2.c; path = lib/zip_algorithm_bzip2.c; sourceTree = "<group>"; };
		5498B6FBBE43499E8A1E9AE5 /* zip_get_num_entries.c */ = {isa = PBXFileReference; explicitFileType = sourcecode.c.c; fileEncoding = 4; name = zip_get_num_entries.c; path = lib/zip_get_num_entries.c; sourceTree = "<group>"; };
		5870BCBE0EC4483DB0F893CC /* zip_source_seek_write.c */ = {isa = PBXFileReference; explicitFileType = sourcecode.c.c; fileEncoding = 4; name = zip_source_seek_write.c; path = lib/zip_source_seek_write.c; sourceTree = "<group>"; };
		587617306C964E1B894DDA69 /* zip_source_commit_write.c */ = {isa = PBXFileReference; explicitFileType = sourcecode.c.c; fileEncoding = 4; name = zip_source_commit_write.c; path = lib/zip_source_commit_write.c; sourceTree = "<group>"; };
		58B61EEAA1814D608560C315 /* zip_file_error_clear.c */ = {isa = PBXFileReference; explicitFileType = sourcecode.c.c; fileEncoding = 4; name = zip_file_error_clear.c; path = lib/zip_file_error_clear.c; sourceTree = "<group>"; };
		59B39001E2064975BDCC930D /* zip_set_file_compression.c */ = {isa = PBXFileReference; explicitFileType = sourcecode.c.c; fileEncoding = 4; name = zip_set_file_compression.c; path = lib/zip_set_file_compression.c; sourceTree = "<group>"; };
		59E649ABDC1749CF9CDBC706 /* zip_source_remove.c */ = {isa = PBXFileReference; explicitFileType = sourcecode.c.c; fileEncoding = 4; name = zip_source_remove.c; path = lib/zip_source_remove.c; sourceTree = "<group>"; };
		5AF509D9EA22401F86FC5327 /* zip_set_file_comment.c */ = {isa = PBXFileReference; explicitFileType = sourcecode.c.c; fileEncoding = 4; name = zip_set_file_comment.c; path = lib/zip_set_file_comment.c; sourceTree = "<group>"; };
		6266A08658604E5B9161600D /* zip_ftell.c */ = {isa = PBXFileReference; explicitFileType = sourcecode.c.c; fileEncoding = 4; name = zip_ftell.c; path = lib/zip_ftell.c; sourceTree = "<group>"; };
		6CE10CA0619E4CBC8F4C19A7 /* zip_unchange.c */ = {isa = PBXFileReference; explicitFileType = sourcecode.c.c; fileEncoding = 4; name = zip_unchange.c; path = lib/zip_unchange.c; sourceTree = "<group>"; };
		6FF52C14ACD34D8BA1DA4EBC /* zip_source_supports.c */ = {isa = PBXFileReference; explicitFileType = sourcecode.c.c; fileEncoding = 4; name = zip_source_supports.c; path = lib/zip_source_supports.c; sourceTree = "<group>"; };
		704DEF2CFD404927883863FD /* zip_error_get.c */ = {isa = PBXFileReference; explicitFileType = sourcecode.c.c; fileEncoding = 4; name = zip_error_get.c; path = lib/zip_error_get.c; sourceTree = "<group>"; };
		71A26A70D7DB42E6997CF57E /* zip_file_get_external_attributes.c */ = {isa = PBXFileReference; explicitFileType = sourcecode.c.c; fileEncoding = 4; name = zip_file_get_external_attributes.c; path = lib/zip_file_get_external_attributes.c; sourceTree = "<group>"; };
		7714F9116A1B4CBEA64CD3E4 /* zip_source_free.c */ = {isa = PBXFileReference; explicitFileType = sourcecode.c.c; fileEncoding = 4; name = zip_source_free.c; path = lib/zip_source_free.c; sourceTree = "<group>"; };
		794BE1279F3C48518717BC5A /* zip_error_to_str.c */ = {isa = PBXFileReference; explicitFileType = sourcecode.c.c; fileEncoding = 4; name = zip_error_to_str.c; path = lib/zip_error_to_str.c; sourceTree = "<group>"; };
		7BB348784F874BA08311B6AB /* zip_fdopen.c */ = {isa = PBXFileReference; explicitFileType = sourcecode.c.c; fileEncoding = 4; name = zip_fdopen.c; path = lib/zip_fdopen.c; sourceTree = "<group>"; };
		7C48525AB9D7431CAC62594E /* zip_file_rename.c */ = {isa = PBXFileReference; explicitFileType = sourcecode.c.c; fileEncoding = 4; name = zip_file_rename.c; path = lib/zip_file_rename.c; sourceTree = "<group>"; };
		8339F8CAC966490B93C5A237 /* zip_source_tell.c */ = {isa = PBXFileReference; explicitFileType = sourcecode.c.c; fileEncoding = 4; name = zip_source_tell.c; path = lib/zip_source_tell.c; sourceTree = "<group>"; };
		855308AE05C249E59512DBC4 /* zip_get_num_files.c */ = {isa = PBXFileReference; explicitFileType = sourcecode.c.c; fileEncoding = 4; name = zip_get_num_files.c; path = lib/zip_get_num_files.c; sourceTree = "<group>"; };
		8A2753CD530F4BFB8F250306 /* zip_source_get_file_attributes.c */ = {isa = PBXFileReference; explicitFileType = sourcecode.c.c; fileEncoding = 4; name = zip_source_get_file_attributes.c; path = lib/zip_source_get_file_attributes.c; sourceTree = "<group>"; };
		8A8D79C89C9845BEA986C52E /* zip_get_file_comment.c */ = {isa = PBXFileReference; explicitFileType = sourcecode.c.c; fileEncoding = 4; name = zip_get_file_comment.c; path = lib/zip_get_file_comment.c; sourceTree = "<group>"; };
		8AC4C06376914AD2A343750B /* zip_extra_field.c */ = {isa = PBXFileReference; explicitFileType = sourcecode.c.c; fileEncoding = 4; name = zip_extra_field.c; path = lib/zip_extra_field.c; sourceTree = "<group>"; };
		8BECB3BD39BD472CA8C2EA6C /* zip_fopen_index_encrypted.c */ = {isa = PBXFileReference; explicitFileType = sourcecode.c.c; fileEncoding = 4; name = zip_fopen_index_encrypted.c; path = lib/zip_fopen_index_encrypted.c; sourceTree = "<group>"; };
		8CD4928556D64E0DAF05B0AC /* zip_error.c */ = {isa = PBXFileReference; explicitFileType = sourcecode.c.c; fileEncoding = 4; name = zip_error.c; path = lib/zip_error.c; sourceTree = "<group>"; };
		8D3DC67B1DBF40ECB8F2F428 /* zip_unchange_all.c */ = {isa = PBXFileReference; explicitFileType = sourcecode.c.c; fileEncoding = 4; name = zip_unchange_all.c; path = lib/zip_unchange_all.c; sourceTree = "<group>"; };
		8D78CB196A85468AB92271FA /* zip_source_zip.c */ = {isa = PBXFileReference; explicitFileType = sourcecode.c.c; fileEncoding = 4; name = zip_source_zip.c; path = lib/zip_source_zip.c; sourceTree = "<group>"; };
		8EB3331A3FE445099F054FC4 /* zip_source_compress.c */ = {isa = PBXFileReference; explicitFileType = sourcecode.c.c; fileEncoding = 4; name = zip_source_compress.c; path = lib/zip_source_compress.c; sourceTree = "<group>"; };
		949233E936EC405789D970D6 /* zip_source_rollback_write.c */ = {isa = PBXFileReference; explicitFileType = sourcecode.c.c; fileEncoding = 4; name = zip_source_rollback_write.c; path = lib/zip_source_rollback_write.c; sourceTree = "<group>"; };
		9766C6DAFA414896B4957BCC /* zip_file_get_comment.c */ = {isa = PBXFileReference; explicitFileType = sourcecode.c.c; fileEncoding = 4; name = zip_file_get_comment.c; path = lib/zip_file_get_comment.c; sourceTree = "<group>"; };
		99900E6C4C8B431FBAF92ECF /* zip_strerror.c */ = {isa = PBXFileReference; explicitFileType = sourcecode.c.c; fileEncoding = 4; name = zip_strerror.c; path = lib/zip_strerror.c; sourceTree = "<group>"; };
		9A2EDF3687054373A28A804C /* CMakeLists.txt */ = {isa = PBXFileReference; explicitFileType = sourcecode.text; fileEncoding = 4; lastKnownFileType = text; path = CMakeLists.txt; sourceTree = "<group>"; };
		9AADB770383746ABB263306E /* zip_string.c */ = {isa = PBXFileReference; explicitFileType = sourcecode.c.c; fileEncoding = 4; name = zip_string.c; path = lib/zip_string.c; sourceTree = "<group>"; };
		9B3537DF1664439F9448461C /* zip_hash.c */ = {isa = PBXFileReference; explicitFileType = sourcecode.c.c; fileEncoding = 4; name = zip_hash.c; path = lib/zip_hash.c; sourceTree = "<group>"; };
		9B700A2582A64FAA86C8505F /* zip_dir_add.c */ = {isa = PBXFileReference; explicitFileType = sourcecode.c.c; fileEncoding = 4; name = zip_dir_add.c; path = lib/zip_dir_add.c; sourceTree = "<group>"; };
		9F95F446C1084C9A9E199AE5 /* zip_file_error_get.c */ = {isa = PBXFileReference; explicitFileType = sourcecode.c.c; fileEncoding = 4; name = zip_file_error_get.c; path = lib/zip_file_error_get.c; sourceTree = "<group>"; };
		A158077F93C245C588C31029 /* zip_error_get_sys_type.c */ = {isa = PBXFileReference; explicitFileType = sourcecode.c.c; fileEncoding = 4; name = zip_error_get_sys_type.c; path = lib/zip_error_get_sys_type.c; sourceTree = "<group>"; };
		A3487154014C43F28149394B /* zip_discard.c */ = {isa = PBXFileReference; explicitFileType = sourcecode.c.c; fileEncoding = 4; name = zip_discard.c; path = lib/zip_discard.c; sourceTree = "<group>"; };
		A54155D2A0704EB9B2DE6217 /* zip_pkware.c */ = {isa = PBXFileReference; explicitFileType = sourcecode.c.c; fileEncoding = 4; name = zip_pkware.c; path = lib/zip_pkware.c; sourceTree = "<group>"; };
		A5C8AC8CE7EB422385A0E414 /* zip_source_file_stdio_named.c */ = {isa = PBXFileReference; explicitFileType = sourcecode.c.c; fileEncoding = 4; name = zip_source_file_stdio_named.c; path = lib/zip_source_file_stdio_named.c; sourceTree = "<group>"; };
		A7E5628C04C8414D967BE3C9 /* zip_source_file_common.c */ = {isa = PBXFileReference; explicitFileType = sourcecode.c.c; fileEncoding = 4; name = zip_source_file_common.c; path = lib/zip_source_file_common.c; sourceTree = "<group>"; };
		A7EE761815E349FDA57FEE6B /* zip_file_replace.c */ = {isa = PBXFileReference; explicitFileType = sourcecode.c.c; fileEncoding = 4; name = zip_file_replace.c; path = lib/zip_file_replace.c; sourceTree = "<group>"; };
		A890AFB04B944EC88506C689 /* zip_source_crc.c */ = {isa = PBXFileReference; explicitFileType = sourcecode.c.c; fileEncoding = 4; name = zip_source_crc.c; path = lib/zip_source_crc.c; sourceTree = "<group>"; };
		A89EF6A7AD9843AAAFC4A2D4 /* CMakeLists.txt */ = {isa = PBXFileReference; explicitFileType = sourcecode.text; fileEncoding = 4; lastKnownFileType = text; path = CMakeLists.txt; sourceTree = "<group>"; };
		AB1ACADDBE414DA9AEE50F99 /* zip_name_locate.c */ = {isa = PBXFileReference; explicitFileType = sourcecode.c.c; fileEncoding = 4; name = zip_name_locate.c; path = lib/zip_name_locate.c; sourceTree = "<group>"; };
		AB7F722D7C144E9F87E8FC64 /* zip_open.c */ = {isa = PBXFileReference; explicitFileType = sourcecode.c.c; fileEncoding = 4; name = zip_open.c; path = lib/zip_open.c; sourceTree = "<group>"; };
		AC9C7F72431E486B991BF4DD /* zip_source_pkware_decode.c */ = {isa = PBXFileReference; explicitFileType = sourcecode.c.c; fileEncoding = 4; name = zip_source_pkware_decode.c; path = lib/zip_source_pkware_decode.c; sourceTree = "<group>"; };
		B00552915BA7415B9E837AD5 /* zip_source_error.c */ = {isa = PBXFileReference; explicitFileType = sourcecode.c.c; fileEncoding = 4; name = zip_source_error.c; path = lib/zip_source_error.c; sourceTree = "<group>"; };
		B07F6FF78F7B40E28B80BABB /* zip_error_clear.c */ = {isa = PBXFileReference; explicitFileType = sourcecode.c.c; fileEncoding = 4; name = zip_error_clear.c; path = lib/zip_error_clear.c; sourceTree = "<group>"; };
		B20E8FCA1BC14E18B1035526 /* zip_new.c */ = {isa = PBXFileReference; explicitFileType = sourcecode.c.c; fileEncoding = 4; name = zip_new.c; path = lib/zip_new.c; sourceTree = "<group>"; };
		B31B14ECD42B4FB089AFD458 /* zip_file_get_offset.c */ = {isa = PBXFileReference; explicitFileType = sourcecode.c.c; fileEncoding = 4; name = zip_file_get_offset.c; path = lib/zip_file_get_offset.c; sourceTree = "<group>"; };
		B41CE6CDAF544D978EE9F356 /* zip_entry.c */ = {isa = PBXFileReference; explicitFileType = sourcecode.c.c; fileEncoding = 4; name = zip_entry.c; path = lib/zip_entry.c; sourceTree = "<group>"; };
		B57E504C674B474F8F448B8E /* zip_extra_field_api.c */ = {isa = PBXFileReference; explicitFileType = sourcecode.c.c; fileEncoding = 4; name = zip_extra_field_api.c; path = lib/zip_extra_field_api.c; sourceTree = "<group>"; };
		B5970B67EE704C57863EBFFD /* zip_source_layered.c */ = {isa = PBXFileReference; explicitFileType = sourcecode.c.c; fileEncoding = 4; name = zip_source_layered.c; path = lib/zip_source_layered.c; sourceTree = "<group>"; };
		B93306B9FA504CDA98BEA82E /* zip_buffer.c */ = {isa = PBXFileReference; explicitFileType = sourcecode.c.c; fileEncoding = 4; name = zip_buffer.c; path = lib/zip_buffer.c; sourceTree = "<group>"; };
		BBF5E01563CF4350AAFA12F8 /* zip_dirent.c */ = {isa = PBXFileReference; explicitFileType = sourcecode.c.c; fileEncoding = 4; name = zip_dirent.c; path = lib/zip_dirent.c; sourceTree = "<group>"; };
		BD3EBD2B010E4A0CB9B14645 /* zip_source_is_deleted.c */ = {isa = PBXFileReference; explicitFileType = sourcecode.c.c; fileEncoding = 4; name = zip_source_is_deleted.c; path = lib/zip_source_is_deleted.c; sourceTree = "<group>"; };
		CEA425AD61804B1292F2E9AA /* zip_source_zip_new.c */ = {isa = PBXFileReference; explicitFileType = sourcecode.c.c; fileEncoding = 4; name = zip_source_zip_new.c; path = lib/zip_source_zip_new.c; sourceTree = "<group>"; };
		CFAE40EFB7CC4E2B830B53BD /* zip_get_archive_comment.c */ = {isa = PBXFileReference; explicitFileType = sourcecode.c.c; fileEncoding = 4; name = zip_get_archive_comment.c; path = lib/zip_get_archive_comment.c; sourceTree = "<group>"; };
		CFE97D939B2B483EB50083D1 /* zip_source_winzip_aes_encode.c */ = {isa = PBXFileReference; explicitFileType = sourcecode.c.c; fileEncoding = 4; name = zip_source_winzip_aes_encode.c; path = lib/zip_source_winzip_aes_encode.c; sourceTree = "<group>"; };
		D045F833481642A9BE241F56 /* zip_source_call.c */ = {isa = PBXFileReference; explicitFileType = sourcecode.c.c; fileEncoding = 4; name = zip_source_call.c; path = lib/zip_source_call.c; sourceTree = "<group>"; };
		D2B92AEF2788447198A3A6AB /* zip_file_set_external_attributes.c */ = {isa = PBXFileReference; explicitFileType = sourcecode.c.c; fileEncoding = 4; name = zip_file_set_external_attributes.c; path = lib/zip_file_set_external_attributes.c; sourceTree = "<group>"; };
		D47B962B16694FB88D0BBC4E /* zip_unchange_data.c */ = {isa = PBXFileReference; explicitFileType = sourcecode.c.c; fileEncoding = 4; name = zip_unchange_data.c; path = lib/zip_unchange_data.c; sourceTree = "<group>"; };
		D851FD892D83401FB3A6F254 /* zip_set_archive_flag.c */ = {isa = PBXFileReference; explicitFileType = sourcecode.c.c; fileEncoding = 4; name = zip_set_archive_flag.c; path = lib/zip_set_archive_flag.c; sourceTree = "<group>"; };
		DACCD45FDAA44E068703BE72 /* CMakeLists.txt */ = {isa = PBXFileReference; explicitFileType = sourcecode.text; fileEncoding = 4; lastKnownFileType = text; path = CMakeLists.txt; sourceTree = "<group>"; };
		DAF818A2239A4FB09ECC5043 /* CMakeLists.txt */ = {isa = PBXFileReference; explicitFileType = sourcecode.text; fileEncoding = 4; lastKnownFileType = text; name = CMakeLists.txt; path = lib/CMakeLists.txt; sourceTree = "<group>"; };
		DB61BF2EE1D6430D8338E0E9 /* zip_fclose.c */ = {isa = PBXFileReference; explicitFileType = sourcecode.c.c; fileEncoding = 4; name = zip_fclose.c; path = lib/zip_fclose.c; sourceTree = "<group>"; };
		DC502022BFF845A9AF29C7F8 /* zip_source_tell_write.c */ = {isa = PBXFileReference; explicitFileType = sourcecode.c.c; fileEncoding = 4; name = zip_source_tell_write.c; path = lib/zip_source_tell_write.c; sourceTree = "<group>"; };
		DE72CA4B1AD046BEB628EEF7 /* zip_file_strerror.c */ = {isa = PBXFileReference; explicitFileType = sourcecode.c.c; fileEncoding = 4; name = zip_file_strerror.c; path = lib/zip_file_strerror.c; sourceTree = "<group>"; };
		E20EA70061644D01B6133346 /* zip_file_add.c */ = {isa = PBXFileReference; explicitFileType = sourcecode.c.c; fileEncoding = 4; name = zip_file_add.c; path = lib/zip_file_add.c; sourceTree = "<group>"; };
		E30CDAE288D74280BBCA5C3D /* zip_add_dir.c */ = {isa = PBXFileReference; explicitFileType = sourcecode.c.c; fileEncoding = 4; name = zip_add_dir.c; path = lib/zip_add_dir.c; sourceTree = "<group>"; };
		E54C3236423345AC80CFC952 /* zip_rename.c */ = {isa = PBXFileReference; explicitFileType = sourcecode.c.c; fileEncoding = 4; name = zip_rename.c; path = lib/zip_rename.c; sourceTree = "<group>"; };
		E6372ABEB9E648279E34EC1B /* zip_fseek.c */ = {isa = PBXFileReference; explicitFileType = sourcecode.c.c; fileEncoding = 4; name = zip_fseek.c; path = lib/zip_fseek.c; sourceTree = "<group>"; };
		E689B5B811694458B953987D /* zip_fopen.c */ = {isa = PBXFileReference; explicitFileType = sourcecode.c.c; fileEncoding = 4; name = zip_fopen.c; path = lib/zip_fopen.c; sourceTree = "<group>"; };
		E8838B67F82D4D51B979F6CE /* zip_source_stat.c */ = {isa = PBXFileReference; explicitFileType = sourcecode.c.c; fileEncoding = 4; name = zip_source_stat.c; path = lib/zip_source_stat.c; sourceTree = "<group>"; };
		E9EE0262C21845CA85701E9D /* zip_io_util.c */ = {isa = PBXFileReference; explicitFileType = sourcecode.c.c; fileEncoding = 4; name = zip_io_util.c; path = lib/zip_io_util.c; sourceTree = "<group>"; };
		EA204F6CA27B440F84481A29 /* zip_add_entry.c */ = {isa = PBXFileReference; explicitFileType = sourcecode.c.c; fileEncoding = 4; name = zip_add_entry.c; path = lib/zip_add_entry.c; sourceTree = "<group>"; };
		EAE7BA1737FC4363AF677B95 /* zip_source_close.c */ = {isa = PBXFileReference; explicitFileType = sourcecode.c.c; fileEncoding = 4; name = zip_source_close.c; path = lib/zip_source_close.c; sourceTree = "<group>"; };
		EB4DD8A22EC848B686E86346 /* zip_source_window.c */ = {isa = PBXFileReference; explicitFileType = sourcecode.c.c; fileEncoding = 4; name = zip_source_window.c; path = lib/zip_source_window.c; sourceTree = "<group>"; };
		EB7CC9164CAA4E8F819AC651 /* zip_memdup.c */ = {isa = PBXFileReference; explicitFileType = sourcecode.c.c; fileEncoding = 4; name = zip_memdup.c; path = lib/zip_memdup.c; sourceTree = "<group>"; };
		ECCF3F0BAE084016985FC680 /* zip_stat_index.c */ = {isa = PBXFileReference; explicitFileType = sourcecode.c.c; fileEncoding = 4; name = zip_stat_index.c; path = lib/zip_stat_index.c; sourceTree = "<group>"; };
		F8B02A6D2C8449C1AA4BC0B7 /* zip_stat_init.c */ = {isa = PBXFileReference; explicitFileType = sourcecode.c.c; fileEncoding = 4; name = zip_stat_init.c; path = lib/zip_stat_init.c; sourceTree = "<group>"; };
		F92B8EEB9BEB4498B65044DB /* zip_utf-8.c */ = {isa = PBXFileReference; explicitFileType = sourcecode.c.c; fileEncoding = 4; name = "zip_utf-8.c"; path = "lib/zip_utf-8.c"; sourceTree = "<group>"; };
		FB0679408BAD41429403C1E8 /* zip_file_set_mtime.c */ = {isa = PBXFileReference; explicitFileType = sourcecode.c.c; fileEncoding = 4; name = zip_file_set_mtime.c; path = lib/zip_file_set_mtime.c; sourceTree = "<group>"; };
		FDFE84A886964BF4A252B788 /* zip_source_write.c */ = {isa = PBXFileReference; explicitFileType = sourcecode.c.c; fileEncoding = 4; name = zip_source_write.c; path = lib/zip_source_write.c; sourceTree = "<group>"; };
		FE6F3AA8C7F44FF889FE7A78 /* zip_fopen_encrypted.c */ = {isa = PBXFileReference; explicitFileType = sourcecode.c.c; fileEncoding = 4; name = zip_fopen_encrypted.c; path = lib/zip_fopen_encrypted.c; sourceTree = "<group>"; };
		FF7F3D485E48428F8F954611 /* zip_source_function.c */ = {isa = PBXFileReference; explicitFileType = sourcecode.c.c; fileEncoding = 4; name = zip_source_function.c; path = lib/zip_source_function.c; sourceTree = "<group>"; };
/* End PBXFileReference section */

/* Begin PBXGroup section */
		1179AAF4558E4CAA90E525E4 /* ALL_BUILD */ = {
			isa = PBXGroup;
			children = (
				A89EF6A7AD9843AAAFC4A2D4 /* CMakeLists.txt */,
			);
			name = ALL_BUILD;
			path = External/lipzip;
			sourceTree = "<group>";
		};
		2623EA528AE943D7B9EFF27A /* Source Files */ = {
			isa = PBXGroup;
			children = (
				0C337D06E502442997A2A488 /* zip_add.c */,
				E30CDAE288D74280BBCA5C3D /* zip_add_dir.c */,
				EA204F6CA27B440F84481A29 /* zip_add_entry.c */,
				53BF09F038F7465FB3B92A7D /* zip_algorithm_bzip2.c */,
				3B1B3E4E776541CAA12D010A /* zip_algorithm_deflate.c */,
				48E0FE01D9DF45EA8605D657 /* zip_algorithm_xz.c */,
				B93306B9FA504CDA98BEA82E /* zip_buffer.c */,
				05013C7AB8514B1CAEED448E /* zip_close.c */,
				09B69CA1F9934082BCA03578 /* zip_crypto_commoncrypto.c */,
				378C71BAC7074DA4AB420D74 /* zip_delete.c */,
				9B700A2582A64FAA86C8505F /* zip_dir_add.c */,
				BBF5E01563CF4350AAFA12F8 /* zip_dirent.c */,
				A3487154014C43F28149394B /* zip_discard.c */,
				B41CE6CDAF544D978EE9F356 /* zip_entry.c */,
				8CD4928556D64E0DAF05B0AC /* zip_error.c */,
				B07F6FF78F7B40E28B80BABB /* zip_error_clear.c */,
				704DEF2CFD404927883863FD /* zip_error_get.c */,
				A158077F93C245C588C31029 /* zip_error_get_sys_type.c */,
				48419CF4D0C4417683A42960 /* zip_error_strerror.c */,
				794BE1279F3C48518717BC5A /* zip_error_to_str.c */,
				8AC4C06376914AD2A343750B /* zip_extra_field.c */,
				B57E504C674B474F8F448B8E /* zip_extra_field_api.c */,
				DB61BF2EE1D6430D8338E0E9 /* zip_fclose.c */,
				7BB348784F874BA08311B6AB /* zip_fdopen.c */,
				E20EA70061644D01B6133346 /* zip_file_add.c */,
				58B61EEAA1814D608560C315 /* zip_file_error_clear.c */,
				9F95F446C1084C9A9E199AE5 /* zip_file_error_get.c */,
				9766C6DAFA414896B4957BCC /* zip_file_get_comment.c */,
				71A26A70D7DB42E6997CF57E /* zip_file_get_external_attributes.c */,
				B31B14ECD42B4FB089AFD458 /* zip_file_get_offset.c */,
				7C48525AB9D7431CAC62594E /* zip_file_rename.c */,
				A7EE761815E349FDA57FEE6B /* zip_file_replace.c */,
				3AF6AADABF004381BFF9C6C5 /* zip_file_set_comment.c */,
				220DBA8A221240C8949BA4A6 /* zip_file_set_encryption.c */,
				D2B92AEF2788447198A3A6AB /* zip_file_set_external_attributes.c */,
				FB0679408BAD41429403C1E8 /* zip_file_set_mtime.c */,
				DE72CA4B1AD046BEB628EEF7 /* zip_file_strerror.c */,
				E689B5B811694458B953987D /* zip_fopen.c */,
				FE6F3AA8C7F44FF889FE7A78 /* zip_fopen_encrypted.c */,
				2A5202D603A84975948D166D /* zip_fopen_index.c */,
				8BECB3BD39BD472CA8C2EA6C /* zip_fopen_index_encrypted.c */,
				188D99FDA8D44FFC82F691DF /* zip_fread.c */,
				E6372ABEB9E648279E34EC1B /* zip_fseek.c */,
				6266A08658604E5B9161600D /* zip_ftell.c */,
				CFAE40EFB7CC4E2B830B53BD /* zip_get_archive_comment.c */,
				38C97B35059F4EE9B58ADD79 /* zip_get_archive_flag.c */,
				19FD2542F3F342099C0CA3F1 /* zip_get_encryption_implementation.c */,
				8A8D79C89C9845BEA986C52E /* zip_get_file_comment.c */,
				3327668D243C4E07BF189CB8 /* zip_get_name.c */,
				5498B6FBBE43499E8A1E9AE5 /* zip_get_num_entries.c */,
				855308AE05C249E59512DBC4 /* zip_get_num_files.c */,
				9B3537DF1664439F9448461C /* zip_hash.c */,
				E9EE0262C21845CA85701E9D /* zip_io_util.c */,
				15547F6DFF05421C8A38F1F9 /* zip_libzip_version.c */,
				EB7CC9164CAA4E8F819AC651 /* zip_memdup.c */,
				21EE506D9E0A4D45822FE525 /* zip_mkstempm.c */,
				AB1ACADDBE414DA9AEE50F99 /* zip_name_locate.c */,
				B20E8FCA1BC14E18B1035526 /* zip_new.c */,
				AB7F722D7C144E9F87E8FC64 /* zip_open.c */,
				A54155D2A0704EB9B2DE6217 /* zip_pkware.c */,
				08BB6BFB087E4B76AE306763 /* zip_progress.c */,
				339F4C6A28DB40A4BD473D51 /* zip_random_unix.c */,
				E54C3236423345AC80CFC952 /* zip_rename.c */,
				04A292732E88431786B65CE7 /* zip_replace.c */,
				5062EAC6256F4ABF927F17FF /* zip_set_archive_comment.c */,
				D851FD892D83401FB3A6F254 /* zip_set_archive_flag.c */,
				312ABF47678A41C9B9131598 /* zip_set_default_password.c */,
				5AF509D9EA22401F86FC5327 /* zip_set_file_comment.c */,
				59B39001E2064975BDCC930D /* zip_set_file_compression.c */,
				340DB79D87794FA2B7EC91F8 /* zip_set_name.c */,
				3BFE639A9F29477EB8AB13F3 /* zip_source_accept_empty.c */,
				1CE06A30A08B447689573C18 /* zip_source_begin_write.c */,
				4BAC7603D91C41E3AC067320 /* zip_source_begin_write_cloning.c */,
				0B09A35E008A48F097BE9602 /* zip_source_buffer.c */,
				D045F833481642A9BE241F56 /* zip_source_call.c */,
				EAE7BA1737FC4363AF677B95 /* zip_source_close.c */,
				587617306C964E1B894DDA69 /* zip_source_commit_write.c */,
				8EB3331A3FE445099F054FC4 /* zip_source_compress.c */,
				A890AFB04B944EC88506C689 /* zip_source_crc.c */,
				B00552915BA7415B9E837AD5 /* zip_source_error.c */,
				A7E5628C04C8414D967BE3C9 /* zip_source_file_common.c */,
				14D46E55ECA24D509F4CC699 /* zip_source_file_stdio.c */,
				A5C8AC8CE7EB422385A0E414 /* zip_source_file_stdio_named.c */,
				7714F9116A1B4CBEA64CD3E4 /* zip_source_free.c */,
				FF7F3D485E48428F8F954611 /* zip_source_function.c */,
				8A2753CD530F4BFB8F250306 /* zip_source_get_file_attributes.c */,
				BD3EBD2B010E4A0CB9B14645 /* zip_source_is_deleted.c */,
				B5970B67EE704C57863EBFFD /* zip_source_layered.c */,
				52239D26D3C54D5BB1D09AB3 /* zip_source_open.c */,
				AC9C7F72431E486B991BF4DD /* zip_source_pkware_decode.c */,
				00BD818CCACD4841AECE6B89 /* zip_source_pkware_encode.c */,
				2522E58DD45D4ADF96F6815B /* zip_source_read.c */,
				59E649ABDC1749CF9CDBC706 /* zip_source_remove.c */,
				949233E936EC405789D970D6 /* zip_source_rollback_write.c */,
				116EE49E6FEB49ACA9A5160E /* zip_source_seek.c */,
				5870BCBE0EC4483DB0F893CC /* zip_source_seek_write.c */,
				E8838B67F82D4D51B979F6CE /* zip_source_stat.c */,
				6FF52C14ACD34D8BA1DA4EBC /* zip_source_supports.c */,
				8339F8CAC966490B93C5A237 /* zip_source_tell.c */,
				DC502022BFF845A9AF29C7F8 /* zip_source_tell_write.c */,
				EB4DD8A22EC848B686E86346 /* zip_source_window.c */,
				503EE935CBC3450FAA2479D0 /* zip_source_winzip_aes_decode.c */,
				CFE97D939B2B483EB50083D1 /* zip_source_winzip_aes_encode.c */,
				FDFE84A886964BF4A252B788 /* zip_source_write.c */,
				8D78CB196A85468AB92271FA /* zip_source_zip.c */,
				CEA425AD61804B1292F2E9AA /* zip_source_zip_new.c */,
				3DA0BA4C26294E128C9C5E92 /* zip_stat.c */,
				ECCF3F0BAE084016985FC680 /* zip_stat_index.c */,
				F8B02A6D2C8449C1AA4BC0B7 /* zip_stat_init.c */,
				99900E6C4C8B431FBAF92ECF /* zip_strerror.c */,
				9AADB770383746ABB263306E /* zip_string.c */,
				6CE10CA0619E4CBC8F4C19A7 /* zip_unchange.c */,
				8D3DC67B1DBF40ECB8F2F428 /* zip_unchange_all.c */,
				416651843B314FFA9A614C3C /* zip_unchange_archive.c */,
				D47B962B16694FB88D0BBC4E /* zip_unchange_data.c */,
				F92B8EEB9BEB4498B65044DB /* zip_utf-8.c */,
				0C0ACAFE4FB44ABFA9CEEDA1 /* zip_winzip_aes.c */,
				0016B809C209420080263BB0 /* zip_err_str.c */,
			);
			name = "Source Files";
			sourceTree = "<group>";
		};
		4085D523B0D64F7EAC36D18A /* distcheck */ = {
			isa = PBXGroup;
			children = (
				DACCD45FDAA44E068703BE72 /* CMakeLists.txt */,
			);
			name = distcheck;
			path = External/lipzip;
			sourceTree = "<group>";
		};
		93B1218DE33E4609A591F9DF /* zip */ = {
			isa = PBXGroup;
			children = (
				2623EA528AE943D7B9EFF27A /* Source Files */,
				DAF818A2239A4FB09ECC5043 /* CMakeLists.txt */,
			);
			name = zip;
			path = External/lipzip;
			sourceTree = "<group>";
		};
		B9029D215F624E1DA5264768 /* dist */ = {
			isa = PBXGroup;
			children = (
				9A2EDF3687054373A28A804C /* CMakeLists.txt */,
			);
			name = dist;
			path = External/lipzip;
			sourceTree = "<group>";
		};
		CCECFCB8A1294688AF4B348B /* Products */ = {
			isa = PBXGroup;
			children = (
				0F33E70C997449F8A6F6B9C1 /* libzip.dylib */,
			);
			name = Products;
			sourceTree = "<group>";
		};
		E8DD7A77740B4A0FAD5CDDA8 /*  */ = {
			isa = PBXGroup;
			children = (
				4085D523B0D64F7EAC36D18A /* distcheck */,
				B9029D215F624E1DA5264768 /* dist */,
				1179AAF4558E4CAA90E525E4 /* ALL_BUILD */,
				93B1218DE33E4609A591F9DF /* zip */,
				CCECFCB8A1294688AF4B348B /* Products */,
			);
			name = "";
			sourceTree = "<group>";
			usesTabs = 0;
		};
/* End PBXGroup section */

/* Begin PBXNativeTarget section */
		04C66F285A9446649BB72044 /* zip */ = {
			isa = PBXNativeTarget;
			buildConfigurationList = C4704E6BBAE142988878A0DC /* Build configuration list for PBXNativeTarget "zip" */;
			buildPhases = (
				4046394F3F824C91A88F31F8 /* Sources */,
			);
			buildRules = (
			);
			dependencies = (
				6D3AE92B972544CBB96792B0 /* PBXTargetDependency */,
			);
			name = zip;
			productName = zip;
			productReference = 0F33E70C997449F8A6F6B9C1 /* libzip.dylib */;
			productType = "com.apple.product-type.library.dynamic";
		};
/* End PBXNativeTarget section */

/* Begin PBXProject section */
		EEFD406BDDB1420B9D33F509 /* Project object */ = {
			isa = PBXProject;
			attributes = {
				LastUpgradeCheck = 1220;
			};
			buildConfigurationList = D2B22A2FE8094774AF760675 /* Build configuration list for PBXProject "libzip" */;
			compatibilityVersion = "Xcode 3.2";
			developmentRegion = en;
			hasScannedForEncodings = 0;
			knownRegions = (
				en,
				Base,
			);
			mainGroup = E8DD7A77740B4A0FAD5CDDA8 /*  */;
			projectDirPath = "";
			projectRoot = "";
			targets = (
				5375F706A384466B808EB175 /* ALL_BUILD */,
				0566921D13F54F15891A7F77 /* RUN_TESTS */,
				6DA3239BEBAC44F986B15894 /* ZERO_CHECK */,
				BDEAEDD8762148E3BF1BB194 /* dist */,
				2BDCF0ABAB9840488000BBA1 /* distcheck */,
				3F2FDED81B6346C79449E9AF /* install */,
				04C66F285A9446649BB72044 /* zip */,
			);
		};
/* End PBXProject section */

/* Begin PBXSourcesBuildPhase section */
		4046394F3F824C91A88F31F8 /* Sources */ = {
			isa = PBXSourcesBuildPhase;
			buildActionMask = 2147483647;
			files = (
				5BBF0C59F46F4A90B63B2C8B /* zip_add.c in Sources */,
				29CE7FEEA0624D63902215B5 /* zip_add_dir.c in Sources */,
				95ADCAF9BA534CCA9675485E /* zip_add_entry.c in Sources */,
				C6AC60DDDB374E15AB231F95 /* zip_algorithm_bzip2.c in Sources */,
				CDCA3E52C19E4E57AB400227 /* zip_algorithm_deflate.c in Sources */,
				0AFCB844E1D94D5580F216BD /* zip_algorithm_xz.c in Sources */,
				70D609BEB3D4450897AEA95C /* zip_buffer.c in Sources */,
				40AE3DE8C41E4A0F9CC089C2 /* zip_close.c in Sources */,
				DEC2F781EB6148E4ABCF7DE7 /* zip_crypto_commoncrypto.c in Sources */,
				3C46973D46BA4A51B5E3C05C /* zip_delete.c in Sources */,
				54B24F4A05894963A44459BF /* zip_dir_add.c in Sources */,
				0CF89DA4CD044AAEA45A4B52 /* zip_dirent.c in Sources */,
				08D6D2557526451EBB9840E9 /* zip_discard.c in Sources */,
				D23D62B882414BDF8978E66C /* zip_entry.c in Sources */,
				4B6A007F981F435EAD5B185F /* zip_error.c in Sources */,
				E20E0E90135846A991D94B27 /* zip_error_clear.c in Sources */,
				67116C4639DB4B92829CDB29 /* zip_error_get.c in Sources */,
				711AA71DDCDD44398A6C8015 /* zip_error_get_sys_type.c in Sources */,
				405FBBE058C743F4A6B8F24A /* zip_error_strerror.c in Sources */,
				23CEBBB4DDFD4BE8AE8AFCAC /* zip_error_to_str.c in Sources */,
				5D4E9F8A098A428CB511C8C4 /* zip_extra_field.c in Sources */,
				80CBE8B5E1394E70B35320D7 /* zip_extra_field_api.c in Sources */,
				10BBA106C8624DF18C10ACA6 /* zip_fclose.c in Sources */,
				6496DD4231C84236A7EEDBE8 /* zip_fdopen.c in Sources */,
				6B470458E11B438AB0657428 /* zip_file_add.c in Sources */,
				8D1CD3FD09E141338D91ED29 /* zip_file_error_clear.c in Sources */,
				F01FDC6ECA29428DA6985F95 /* zip_file_error_get.c in Sources */,
				12201BAA50EC4AF39205602B /* zip_file_get_comment.c in Sources */,
				B6F9475030C64141BA3E24CB /* zip_file_get_external_attributes.c in Sources */,
				8D1A4855580F48AB834EB89C /* zip_file_get_offset.c in Sources */,
				FF531D96587F4D69A0FDEE8E /* zip_file_rename.c in Sources */,
				56DE56A899E34C8DA70DA68F /* zip_file_replace.c in Sources */,
				C75D049404B84F01B5E39699 /* zip_file_set_comment.c in Sources */,
				54BEAB208877472285C8BE71 /* zip_file_set_encryption.c in Sources */,
				D2A044A04FF34FC78FD7A2A9 /* zip_file_set_external_attributes.c in Sources */,
				C717B532C95646AC97D4B209 /* zip_file_set_mtime.c in Sources */,
				173A132E0A91488EAA2C751D /* zip_file_strerror.c in Sources */,
				929A1DECBC314E8088166B47 /* zip_fopen.c in Sources */,
				243126AB70814F4D94324D45 /* zip_fopen_encrypted.c in Sources */,
				CB238BDF70044ED991E73B4A /* zip_fopen_index.c in Sources */,
				C5E81B5FD1654E64B86218E0 /* zip_fopen_index_encrypted.c in Sources */,
				13FBF2D07179460CA7FD42C8 /* zip_fread.c in Sources */,
				15C7DAA305E34529B218FD4C /* zip_fseek.c in Sources */,
				F741F9051ABF404C98567F12 /* zip_ftell.c in Sources */,
				495E81E4B3C44992830ED245 /* zip_get_archive_comment.c in Sources */,
				1CB2227DFFE942E4B4672187 /* zip_get_archive_flag.c in Sources */,
				358217B5B7054747B911FBBC /* zip_get_encryption_implementation.c in Sources */,
				D89EB730287941B888076270 /* zip_get_file_comment.c in Sources */,
				21AF21DCC5824FA0927C5DF8 /* zip_get_name.c in Sources */,
				3FFF3F8066EB4E5E9B5FAEB5 /* zip_get_num_entries.c in Sources */,
				29F0F1A8B26A4BCB8375EF88 /* zip_get_num_files.c in Sources */,
				E612A1763C2C49F08A2F7BF3 /* zip_hash.c in Sources */,
				830667961041488D89A8CEF7 /* zip_io_util.c in Sources */,
				11B65BAA66054CC7A1936E26 /* zip_libzip_version.c in Sources */,
				39DACE5F25E54951A564564A /* zip_memdup.c in Sources */,
				45C5097A85F84BCFB7A4C04A /* zip_mkstempm.c in Sources */,
				112C3F8E325A449AB80F391C /* zip_name_locate.c in Sources */,
				2072764603B44F43963B971E /* zip_new.c in Sources */,
				FCDEB8132ABB40BD984D6824 /* zip_open.c in Sources */,
				05E9CC35EEFC4B69B4EA1C92 /* zip_pkware.c in Sources */,
				43F966CCF1334472B61CBC5A /* zip_progress.c in Sources */,
				545C1C69889E40BAA4B23366 /* zip_random_unix.c in Sources */,
				FC7F60AB36FC4C2E811BC13F /* zip_rename.c in Sources */,
				77034D65E5CD4A93B29EF3ED /* zip_replace.c in Sources */,
				980F5CFB032C4A7A84269B18 /* zip_set_archive_comment.c in Sources */,
				3F83E135B2314C3087264259 /* zip_set_archive_flag.c in Sources */,
				0F0712635E3748CB9926674F /* zip_set_default_password.c in Sources */,
				900D6EBB03BE4D229AD1B9D1 /* zip_set_file_comment.c in Sources */,
				43DA887C4FC64CD4A92AF80F /* zip_set_file_compression.c in Sources */,
				2ED62D2FF38D4C83A54A0DA5 /* zip_set_name.c in Sources */,
				2888D872DDDE4CB7AC539583 /* zip_source_accept_empty.c in Sources */,
				76AEBCC63A424797AB91C663 /* zip_source_begin_write.c in Sources */,
				8BC6BD3374784CDC99C6BA9D /* zip_source_begin_write_cloning.c in Sources */,
				9E01DE5EC3BA445387299866 /* zip_source_buffer.c in Sources */,
				9F437883A2054C77878A5C89 /* zip_source_call.c in Sources */,
				6200FDAF273A40B7A657B974 /* zip_source_close.c in Sources */,
				75134A2C0ED540B583E208CC /* zip_source_commit_write.c in Sources */,
				00EC85C74AE9465CA3BD85BC /* zip_source_compress.c in Sources */,
				D1352420EE504AE3B6AC9711 /* zip_source_crc.c in Sources */,
				5F6EC9E61C9840CEA9C1839E /* zip_source_error.c in Sources */,
				7426053901AF46AAA8FEAA64 /* zip_source_file_common.c in Sources */,
				9C6F821669044772B582F36E /* zip_source_file_stdio.c in Sources */,
				1DB65666CC4F4B7591A813C2 /* zip_source_file_stdio_named.c in Sources */,
				404C2439A59F4BEA8B5E95CB /* zip_source_free.c in Sources */,
				FDCA24B570A6470C8DD65073 /* zip_source_function.c in Sources */,
				271E7A581A4C4DBCBB0F7563 /* zip_source_get_file_attributes.c in Sources */,
				29FEB87F0FC24CE4A6BBA836 /* zip_source_is_deleted.c in Sources */,
				BB33A3B74E3949D4A8BFA3A4 /* zip_source_layered.c in Sources */,
				F6E5A4D2D466424497FB6D08 /* zip_source_open.c in Sources */,
				2DF6010DC81145429515F8D3 /* zip_source_pkware_decode.c in Sources */,
				D6ABE1F4D8534620956C3F2C /* zip_source_pkware_encode.c in Sources */,
				0D818973CAB246FDB978C3BD /* zip_source_read.c in Sources */,
				11791314A95D48C686202C2E /* zip_source_remove.c in Sources */,
				57836F50DE4C42A5B0A87C4D /* zip_source_rollback_write.c in Sources */,
				B10D5D476E2F433B8D6DB172 /* zip_source_seek.c in Sources */,
				B0F776D4148D4C74999E96AE /* zip_source_seek_write.c in Sources */,
				446FA81D4D314C0FB1BC8502 /* zip_source_stat.c in Sources */,
				55B8DCCBD5F14C73A9973A95 /* zip_source_supports.c in Sources */,
				ABA32C3E447349DFBC8D0AC3 /* zip_source_tell.c in Sources */,
				7A3EE1E969874CCA9C599861 /* zip_source_tell_write.c in Sources */,
				E9D03F2AFDF24CB98FFA5C2E /* zip_source_window.c in Sources */,
				D8C528D15A3B44E4BB8B4680 /* zip_source_winzip_aes_decode.c in Sources */,
				1B7DBF97661E4281B024B822 /* zip_source_winzip_aes_encode.c in Sources */,
				88FEE02B28A74CF68A4EC267 /* zip_source_write.c in Sources */,
				15D59755D88E4E70A3009E55 /* zip_source_zip.c in Sources */,
				32082C92115D414D9953EAB2 /* zip_source_zip_new.c in Sources */,
				38AE301225F54FE0927681C3 /* zip_stat.c in Sources */,
				9EA31DA2D3C14EFBAE5DA6FC /* zip_stat_index.c in Sources */,
				A30C7633862848159AABFB11 /* zip_stat_init.c in Sources */,
				B1AA618181B543AC926035B7 /* zip_strerror.c in Sources */,
				8436D4050F6A4E6F812987B5 /* zip_string.c in Sources */,
				5B7AF399E9A54C0589DC9913 /* zip_unchange.c in Sources */,
				A9EC3DC49EA844C39E8895C1 /* zip_unchange_all.c in Sources */,
				E9D0801B980840D7B9B7FB16 /* zip_unchange_archive.c in Sources */,
				DB0440AA9B1A4F359B32D9D5 /* zip_unchange_data.c in Sources */,
				35E08D6CB15C485089584F2E /* zip_utf-8.c in Sources */,
				49DD63CCC7F04B5B853D3F38 /* zip_winzip_aes.c in Sources */,
				3DC1F7F4FF704A87B77E34DA /* zip_err_str.c in Sources */,
			);
			runOnlyForDeploymentPostprocessing = 0;
		};
/* End PBXSourcesBuildPhase section */

/* Begin PBXTargetDependency section */
		1C0E8C5533F346BCA526E5B0 /* PBXTargetDependency */ = {
			isa = PBXTargetDependency;
			target = 6DA3239BEBAC44F986B15894 /* ZERO_CHECK */;
			targetProxy = 3E4AABF5853C42C0AD9C0DF2 /* PBXContainerItemProxy */;
		};
		6D3AE92B972544CBB96792B0 /* PBXTargetDependency */ = {
			isa = PBXTargetDependency;
			target = 6DA3239BEBAC44F986B15894 /* ZERO_CHECK */;
			targetProxy = BEBB85706F554178BCEC5525 /* PBXContainerItemProxy */;
		};
		7CC83CF52EEF4F8F9C300ECB /* PBXTargetDependency */ = {
			isa = PBXTargetDependency;
			target = 6DA3239BEBAC44F986B15894 /* ZERO_CHECK */;
			targetProxy = 8E979B2819F84A4287AAA746 /* PBXContainerItemProxy */;
		};
		909F76FA4A2445FFB649B097 /* PBXTargetDependency */ = {
			isa = PBXTargetDependency;
			target = BDEAEDD8762148E3BF1BB194 /* dist */;
			targetProxy = 7DC85BA71EED446F9CAFC796 /* PBXContainerItemProxy */;
		};
		C75C014492AD42A990C04369 /* PBXTargetDependency */ = {
			isa = PBXTargetDependency;
			target = 04C66F285A9446649BB72044 /* zip */;
			targetProxy = A98545922BF64251AF2373BD /* PBXContainerItemProxy */;
		};
		D60D35CF37A14D65A7DB5DAD /* PBXTargetDependency */ = {
			isa = PBXTargetDependency;
			target = 5375F706A384466B808EB175 /* ALL_BUILD */;
			targetProxy = E347ADE7F9124D409FCBBD0D /* PBXContainerItemProxy */;
		};
		DA2095069D114B5689F3A77C /* PBXTargetDependency */ = {
			isa = PBXTargetDependency;
			target = 6DA3239BEBAC44F986B15894 /* ZERO_CHECK */;
			targetProxy = D0FA8639AEE44D9BAAEC5B9E /* PBXContainerItemProxy */;
		};
/* End PBXTargetDependency section */

/* Begin XCBuildConfiguration section */
		02D76691D6854E2AA44DCFDA /* RelWithDebInfo */ = {
			isa = XCBuildConfiguration;
			buildSettings = {
				ARCHS = "$(ARCHS_STANDARD)";
				COMBINE_HIDPI_IMAGES = YES;
				DYLIB_COMPATIBILITY_VERSION = 5.0.0;
				DYLIB_CURRENT_VERSION = 5.3.0;
				EXECUTABLE_PREFIX = lib;
				EXECUTABLE_SUFFIX = .dylib;
				GCC_GENERATE_DEBUGGING_SYMBOLS = YES;
				GCC_INLINES_ARE_PRIVATE_EXTERN = NO;
				GCC_OPTIMIZATION_LEVEL = 2;
				GCC_PREPROCESSOR_DEFINITIONS = (
					"'CMAKE_INTDIR=\"$(CONFIGURATION)$(EFFECTIVE_PLATFORM_NAME)\"'",
					zip_EXPORTS,
				);
				GCC_SYMBOLS_PRIVATE_EXTERN = NO;
				HEADER_SEARCH_PATHS = (
					"$(SRCROOT)/External/lipzip/lib",
					"$(SRCROOT)",
				);
				INSTALL_PATH = "@rpath";
				LIBRARY_SEARCH_PATHS = "";
				LIBRARY_STYLE = DYNAMIC;
				ONLY_ACTIVE_ARCH = NO;
				OTHER_CFLAGS = (
					"-DNDEBUG",
					"-fPIC",
					"-fvisibility=hidden",
				);
				OTHER_LDFLAGS = (
					"-dynamiclib",
					"-Wl,-headerpad_max_install_names",
					$SDKROOT/usr/lib/libbz2.tbd,
					$SDKROOT/usr/lib/liblzma.tbd,
					$SDKROOT/usr/lib/libz.tbd,
				);
				OTHER_REZFLAGS = "";
				PRODUCT_NAME = "$(TARGET_NAME)";
				SECTORDER_FLAGS = "";
				SYSTEM_HEADER_SEARCH_PATHS = /usr/local/include;
				USE_HEADERMAP = NO;
				WARNING_CFLAGS = "$(inherited)";
			};
			name = RelWithDebInfo;
		};
		09DD037F3A4F4ECA946BE8E9 /* Debug */ = {
			isa = XCBuildConfiguration;
			buildSettings = {
				ARCHS = "$(ARCHS_STANDARD)";
				MACOSX_DEPLOYMENT_TARGET = 10.9;
				SDKROOT = macosx;
			};
			name = Debug;
		};
		0F2C7F94E3BA40AFBB99C856 /* Debug */ = {
			isa = XCBuildConfiguration;
			buildSettings = {
				COMBINE_HIDPI_IMAGES = YES;
				GCC_GENERATE_DEBUGGING_SYMBOLS = YES;
				GCC_INLINES_ARE_PRIVATE_EXTERN = NO;
				GCC_OPTIMIZATION_LEVEL = 0;
				GCC_PREPROCESSOR_DEFINITIONS = "'CMAKE_INTDIR=\"$(CONFIGURATION)$(EFFECTIVE_PLATFORM_NAME)\"'";
				GCC_SYMBOLS_PRIVATE_EXTERN = NO;
				INSTALL_PATH = "@rpath";
				OTHER_LDFLAGS = " ";
				OTHER_REZFLAGS = "";
				PRODUCT_NAME = distcheck;
				SECTORDER_FLAGS = "";
				USE_HEADERMAP = NO;
				WARNING_CFLAGS = "$(inherited)";
			};
			name = Debug;
		};
		11BB97EC24F34876BC0D7587 /* RelWithDebInfo */ = {
			isa = XCBuildConfiguration;
			buildSettings = {
				COMBINE_HIDPI_IMAGES = YES;
				GCC_GENERATE_DEBUGGING_SYMBOLS = YES;
				GCC_INLINES_ARE_PRIVATE_EXTERN = NO;
				GCC_OPTIMIZATION_LEVEL = 0;
				GCC_PREPROCESSOR_DEFINITIONS = "'CMAKE_INTDIR=\"$(CONFIGURATION)$(EFFECTIVE_PLATFORM_NAME)\"'";
				GCC_SYMBOLS_PRIVATE_EXTERN = NO;
				INSTALL_PATH = "@rpath";
				OTHER_LDFLAGS = " ";
				OTHER_REZFLAGS = "";
				PRODUCT_NAME = ZERO_CHECK;
				SECTORDER_FLAGS = "";
				USE_HEADERMAP = NO;
				WARNING_CFLAGS = "$(inherited)";
			};
			name = RelWithDebInfo;
		};
		194C3600CB134DCD950DA1A7 /* MinSizeRel */ = {
			isa = XCBuildConfiguration;
			buildSettings = {
				ARCHS = "$(ARCHS_STANDARD)";
				COMBINE_HIDPI_IMAGES = YES;
				DYLIB_COMPATIBILITY_VERSION = 5.0.0;
				DYLIB_CURRENT_VERSION = 5.3.0;
				EXECUTABLE_PREFIX = lib;
				EXECUTABLE_SUFFIX = .dylib;
				GCC_GENERATE_DEBUGGING_SYMBOLS = NO;
				GCC_INLINES_ARE_PRIVATE_EXTERN = NO;
				GCC_OPTIMIZATION_LEVEL = s;
				GCC_PREPROCESSOR_DEFINITIONS = (
					"'CMAKE_INTDIR=\"$(CONFIGURATION)$(EFFECTIVE_PLATFORM_NAME)\"'",
					zip_EXPORTS,
				);
				GCC_SYMBOLS_PRIVATE_EXTERN = NO;
				HEADER_SEARCH_PATHS = (
					"$(SRCROOT)/External/lipzip/lib",
					"$(SRCROOT)",
				);
				INSTALL_PATH = "@rpath";
				LIBRARY_SEARCH_PATHS = "";
				LIBRARY_STYLE = DYNAMIC;
				ONLY_ACTIVE_ARCH = NO;
				OTHER_CFLAGS = (
					"-DNDEBUG",
					"-fPIC",
					"-fvisibility=hidden",
				);
				OTHER_LDFLAGS = (
					"-dynamiclib",
					"-Wl,-headerpad_max_install_names",
					$SDKROOT/usr/lib/libbz2.tbd,
					$SDKROOT/usr/lib/liblzma.tbd,
					$SDKROOT/usr/lib/libz.tbd,
				);
				OTHER_REZFLAGS = "";
				PRODUCT_NAME = "$(TARGET_NAME)";
				SECTORDER_FLAGS = "";
				SYSTEM_HEADER_SEARCH_PATHS = /usr/local/include;
				USE_HEADERMAP = NO;
				WARNING_CFLAGS = "$(inherited)";
			};
			name = MinSizeRel;
		};
		1A573277589B43ACA17BEF9E /* Debug */ = {
			isa = XCBuildConfiguration;
			buildSettings = {
				ARCHS = "$(ARCHS_STANDARD)";
				COMBINE_HIDPI_IMAGES = YES;
				GCC_GENERATE_DEBUGGING_SYMBOLS = YES;
				GCC_INLINES_ARE_PRIVATE_EXTERN = NO;
				GCC_OPTIMIZATION_LEVEL = 0;
				GCC_PREPROCESSOR_DEFINITIONS = "'CMAKE_INTDIR=\"$(CONFIGURATION)$(EFFECTIVE_PLATFORM_NAME)\"'";
				GCC_SYMBOLS_PRIVATE_EXTERN = NO;
				INSTALL_PATH = "@rpath";
				ONLY_ACTIVE_ARCH = NO;
				OTHER_LDFLAGS = " ";
				OTHER_REZFLAGS = "";
				PRODUCT_NAME = RUN_TESTS;
				SECTORDER_FLAGS = "";
				USE_HEADERMAP = NO;
				WARNING_CFLAGS = "$(inherited)";
			};
			name = Debug;
		};
		1C090D49757149688D428113 /* MinSizeRel */ = {
			isa = XCBuildConfiguration;
			buildSettings = {
				COMBINE_HIDPI_IMAGES = YES;
				GCC_GENERATE_DEBUGGING_SYMBOLS = YES;
				GCC_INLINES_ARE_PRIVATE_EXTERN = NO;
				GCC_OPTIMIZATION_LEVEL = 0;
				GCC_PREPROCESSOR_DEFINITIONS = "'CMAKE_INTDIR=\"$(CONFIGURATION)$(EFFECTIVE_PLATFORM_NAME)\"'";
				GCC_SYMBOLS_PRIVATE_EXTERN = NO;
				INSTALL_PATH = "@rpath";
				OTHER_LDFLAGS = " ";
				OTHER_REZFLAGS = "";
				PRODUCT_NAME = ALL_BUILD;
				SECTORDER_FLAGS = "";
				USE_HEADERMAP = NO;
				WARNING_CFLAGS = "$(inherited)";
			};
			name = MinSizeRel;
		};
		246B53DD3F1941FF819A5746 /* Release */ = {
			isa = XCBuildConfiguration;
			buildSettings = {
				COMBINE_HIDPI_IMAGES = YES;
				GCC_GENERATE_DEBUGGING_SYMBOLS = YES;
				GCC_INLINES_ARE_PRIVATE_EXTERN = NO;
				GCC_OPTIMIZATION_LEVEL = 0;
				GCC_PREPROCESSOR_DEFINITIONS = "'CMAKE_INTDIR=\"$(CONFIGURATION)$(EFFECTIVE_PLATFORM_NAME)\"'";
				GCC_SYMBOLS_PRIVATE_EXTERN = NO;
				INSTALL_PATH = "@rpath";
				OTHER_LDFLAGS = " ";
				OTHER_REZFLAGS = "";
				PRODUCT_NAME = ALL_BUILD;
				SECTORDER_FLAGS = "";
				USE_HEADERMAP = NO;
				WARNING_CFLAGS = "$(inherited)";
			};
			name = Release;
		};
		254199B4CAD845F5AC8CF5B6 /* MinSizeRel */ = {
			isa = XCBuildConfiguration;
			buildSettings = {
				ARCHS = "$(ARCHS_STANDARD)";
				COMBINE_HIDPI_IMAGES = YES;
				GCC_GENERATE_DEBUGGING_SYMBOLS = YES;
				GCC_INLINES_ARE_PRIVATE_EXTERN = NO;
				GCC_OPTIMIZATION_LEVEL = 0;
				GCC_PREPROCESSOR_DEFINITIONS = "'CMAKE_INTDIR=\"$(CONFIGURATION)$(EFFECTIVE_PLATFORM_NAME)\"'";
				GCC_SYMBOLS_PRIVATE_EXTERN = NO;
				INSTALL_PATH = "@rpath";
				ONLY_ACTIVE_ARCH = NO;
				OTHER_LDFLAGS = " ";
				OTHER_REZFLAGS = "";
				PRODUCT_NAME = RUN_TESTS;
				SECTORDER_FLAGS = "";
				USE_HEADERMAP = NO;
				WARNING_CFLAGS = "$(inherited)";
			};
			name = MinSizeRel;
		};
		2D43D512BB3A4249B67D381E /* MinSizeRel */ = {
			isa = XCBuildConfiguration;
			buildSettings = {
				ARCHS = "$(ARCHS_STANDARD)";
				COMBINE_HIDPI_IMAGES = YES;
				GCC_GENERATE_DEBUGGING_SYMBOLS = YES;
				GCC_INLINES_ARE_PRIVATE_EXTERN = NO;
				GCC_OPTIMIZATION_LEVEL = 0;
				GCC_PREPROCESSOR_DEFINITIONS = "'CMAKE_INTDIR=\"$(CONFIGURATION)$(EFFECTIVE_PLATFORM_NAME)\"'";
				GCC_SYMBOLS_PRIVATE_EXTERN = NO;
				INSTALL_PATH = "@rpath";
				ONLY_ACTIVE_ARCH = NO;
				OTHER_LDFLAGS = " ";
				OTHER_REZFLAGS = "";
				PRODUCT_NAME = install;
				SECTORDER_FLAGS = "";
				USE_HEADERMAP = NO;
				WARNING_CFLAGS = "$(inherited)";
			};
			name = MinSizeRel;
		};
		2DF4A74419694E5AB484DC80 /* Release */ = {
			isa = XCBuildConfiguration;
			buildSettings = {
				ARCHS = "$(ARCHS_STANDARD)";
				MACOSX_DEPLOYMENT_TARGET = 10.9;
				SDKROOT = macosx;
			};
			name = Release;
		};
		3269BA4ED0854EB3B0497570 /* Debug */ = {
			isa = XCBuildConfiguration;
			buildSettings = {
				COMBINE_HIDPI_IMAGES = YES;
				GCC_GENERATE_DEBUGGING_SYMBOLS = YES;
				GCC_INLINES_ARE_PRIVATE_EXTERN = NO;
				GCC_OPTIMIZATION_LEVEL = 0;
				GCC_PREPROCESSOR_DEFINITIONS = "'CMAKE_INTDIR=\"$(CONFIGURATION)$(EFFECTIVE_PLATFORM_NAME)\"'";
				GCC_SYMBOLS_PRIVATE_EXTERN = NO;
				INSTALL_PATH = "@rpath";
				OTHER_LDFLAGS = " ";
				OTHER_REZFLAGS = "";
				PRODUCT_NAME = ALL_BUILD;
				SECTORDER_FLAGS = "";
				USE_HEADERMAP = NO;
				WARNING_CFLAGS = "$(inherited)";
			};
			name = Debug;
		};
		36C7F10CDA344E8F8CAF8648 /* MinSizeRel */ = {
			isa = XCBuildConfiguration;
			buildSettings = {
				COMBINE_HIDPI_IMAGES = YES;
				GCC_GENERATE_DEBUGGING_SYMBOLS = YES;
				GCC_INLINES_ARE_PRIVATE_EXTERN = NO;
				GCC_OPTIMIZATION_LEVEL = 0;
				GCC_PREPROCESSOR_DEFINITIONS = "'CMAKE_INTDIR=\"$(CONFIGURATION)$(EFFECTIVE_PLATFORM_NAME)\"'";
				GCC_SYMBOLS_PRIVATE_EXTERN = NO;
				INSTALL_PATH = "@rpath";
				OTHER_LDFLAGS = " ";
				OTHER_REZFLAGS = "";
				PRODUCT_NAME = distcheck;
				SECTORDER_FLAGS = "";
				USE_HEADERMAP = NO;
				WARNING_CFLAGS = "$(inherited)";
			};
			name = MinSizeRel;
		};
		6298A9D632E24B838F38CE2D /* Release */ = {
			isa = XCBuildConfiguration;
			buildSettings = {
				ARCHS = "$(ARCHS_STANDARD)";
				COMBINE_HIDPI_IMAGES = YES;
				GCC_GENERATE_DEBUGGING_SYMBOLS = YES;
				GCC_INLINES_ARE_PRIVATE_EXTERN = NO;
				GCC_OPTIMIZATION_LEVEL = 0;
				GCC_PREPROCESSOR_DEFINITIONS = "'CMAKE_INTDIR=\"$(CONFIGURATION)$(EFFECTIVE_PLATFORM_NAME)\"'";
				GCC_SYMBOLS_PRIVATE_EXTERN = NO;
				INSTALL_PATH = "@rpath";
				ONLY_ACTIVE_ARCH = NO;
				OTHER_LDFLAGS = " ";
				OTHER_REZFLAGS = "";
				PRODUCT_NAME = RUN_TESTS;
				SECTORDER_FLAGS = "";
				USE_HEADERMAP = NO;
				WARNING_CFLAGS = "$(inherited)";
			};
			name = Release;
		};
		770F52AC06F1482ABBAB6E78 /* Release */ = {
			isa = XCBuildConfiguration;
			buildSettings = {
				COMBINE_HIDPI_IMAGES = YES;
				GCC_GENERATE_DEBUGGING_SYMBOLS = YES;
				GCC_INLINES_ARE_PRIVATE_EXTERN = NO;
				GCC_OPTIMIZATION_LEVEL = 0;
				GCC_PREPROCESSOR_DEFINITIONS = "'CMAKE_INTDIR=\"$(CONFIGURATION)$(EFFECTIVE_PLATFORM_NAME)\"'";
				GCC_SYMBOLS_PRIVATE_EXTERN = NO;
				INSTALL_PATH = "@rpath";
				OTHER_LDFLAGS = " ";
				OTHER_REZFLAGS = "";
				PRODUCT_NAME = distcheck;
				SECTORDER_FLAGS = "";
				USE_HEADERMAP = NO;
				WARNING_CFLAGS = "$(inherited)";
			};
			name = Release;
		};
		7EF6E60EC35B41AAAE3340C9 /* Release */ = {
			isa = XCBuildConfiguration;
			buildSettings = {
				ARCHS = "$(ARCHS_STANDARD)";
				COMBINE_HIDPI_IMAGES = YES;
				GCC_GENERATE_DEBUGGING_SYMBOLS = YES;
				GCC_INLINES_ARE_PRIVATE_EXTERN = NO;
				GCC_OPTIMIZATION_LEVEL = 0;
				GCC_PREPROCESSOR_DEFINITIONS = "'CMAKE_INTDIR=\"$(CONFIGURATION)$(EFFECTIVE_PLATFORM_NAME)\"'";
				GCC_SYMBOLS_PRIVATE_EXTERN = NO;
				INSTALL_PATH = "@rpath";
				ONLY_ACTIVE_ARCH = NO;
				OTHER_LDFLAGS = " ";
				OTHER_REZFLAGS = "";
				PRODUCT_NAME = install;
				SECTORDER_FLAGS = "";
				USE_HEADERMAP = NO;
				WARNING_CFLAGS = "$(inherited)";
			};
			name = Release;
		};
		859D84AEDA964126A953DFDC /* RelWithDebInfo */ = {
			isa = XCBuildConfiguration;
			buildSettings = {
				ARCHS = "$(ARCHS_STANDARD)";
				MACOSX_DEPLOYMENT_TARGET = 10.9;
				SDKROOT = macosx;
			};
			name = RelWithDebInfo;
		};
		8AB26A625A8E496DAECA0021 /* Debug */ = {
			isa = XCBuildConfiguration;
			buildSettings = {
				ARCHS = "$(ARCHS_STANDARD)";
				COMBINE_HIDPI_IMAGES = YES;
				GCC_GENERATE_DEBUGGING_SYMBOLS = YES;
				GCC_INLINES_ARE_PRIVATE_EXTERN = NO;
				GCC_OPTIMIZATION_LEVEL = 0;
				GCC_PREPROCESSOR_DEFINITIONS = "'CMAKE_INTDIR=\"$(CONFIGURATION)$(EFFECTIVE_PLATFORM_NAME)\"'";
				GCC_SYMBOLS_PRIVATE_EXTERN = NO;
				INSTALL_PATH = "@rpath";
				ONLY_ACTIVE_ARCH = NO;
				OTHER_LDFLAGS = " ";
				OTHER_REZFLAGS = "";
				PRODUCT_NAME = install;
				SECTORDER_FLAGS = "";
				USE_HEADERMAP = NO;
				WARNING_CFLAGS = "$(inherited)";
			};
			name = Debug;
		};
		8EC798368DEA4537BB88DFDD /* Debug */ = {
			isa = XCBuildConfiguration;
			buildSettings = {
				COMBINE_HIDPI_IMAGES = YES;
				GCC_GENERATE_DEBUGGING_SYMBOLS = YES;
				GCC_INLINES_ARE_PRIVATE_EXTERN = NO;
				GCC_OPTIMIZATION_LEVEL = 0;
				GCC_PREPROCESSOR_DEFINITIONS = "'CMAKE_INTDIR=\"$(CONFIGURATION)$(EFFECTIVE_PLATFORM_NAME)\"'";
				GCC_SYMBOLS_PRIVATE_EXTERN = NO;
				INSTALL_PATH = "@rpath";
				OTHER_LDFLAGS = " ";
				OTHER_REZFLAGS = "";
				PRODUCT_NAME = ZERO_CHECK;
				SECTORDER_FLAGS = "";
				USE_HEADERMAP = NO;
				WARNING_CFLAGS = "$(inherited)";
			};
			name = Debug;
		};
		977F82EF6A3B4872915C7709 /* Release */ = {
			isa = XCBuildConfiguration;
			buildSettings = {
				COMBINE_HIDPI_IMAGES = YES;
				GCC_GENERATE_DEBUGGING_SYMBOLS = YES;
				GCC_INLINES_ARE_PRIVATE_EXTERN = NO;
				GCC_OPTIMIZATION_LEVEL = 0;
				GCC_PREPROCESSOR_DEFINITIONS = "'CMAKE_INTDIR=\"$(CONFIGURATION)$(EFFECTIVE_PLATFORM_NAME)\"'";
				GCC_SYMBOLS_PRIVATE_EXTERN = NO;
				INSTALL_PATH = "@rpath";
				OTHER_LDFLAGS = " ";
				OTHER_REZFLAGS = "";
				PRODUCT_NAME = dist;
				SECTORDER_FLAGS = "";
				USE_HEADERMAP = NO;
				WARNING_CFLAGS = "$(inherited)";
			};
			name = Release;
		};
		97FDA16C678548028CBBC6B3 /* Debug */ = {
			isa = XCBuildConfiguration;
			buildSettings = {
				COMBINE_HIDPI_IMAGES = YES;
				GCC_GENERATE_DEBUGGING_SYMBOLS = YES;
				GCC_INLINES_ARE_PRIVATE_EXTERN = NO;
				GCC_OPTIMIZATION_LEVEL = 0;
				GCC_PREPROCESSOR_DEFINITIONS = "'CMAKE_INTDIR=\"$(CONFIGURATION)$(EFFECTIVE_PLATFORM_NAME)\"'";
				GCC_SYMBOLS_PRIVATE_EXTERN = NO;
				INSTALL_PATH = "@rpath";
				OTHER_LDFLAGS = " ";
				OTHER_REZFLAGS = "";
				PRODUCT_NAME = dist;
				SECTORDER_FLAGS = "";
				USE_HEADERMAP = NO;
				WARNING_CFLAGS = "$(inherited)";
			};
			name = Debug;
		};
		C7D2E6E7542549B0932C4A72 /* Release */ = {
			isa = XCBuildConfiguration;
			buildSettings = {
				ARCHS = "$(ARCHS_STANDARD)";
				COMBINE_HIDPI_IMAGES = YES;
				DYLIB_COMPATIBILITY_VERSION = 5.0.0;
				DYLIB_CURRENT_VERSION = 5.3.0;
				EXECUTABLE_PREFIX = lib;
				EXECUTABLE_SUFFIX = .dylib;
				GCC_GENERATE_DEBUGGING_SYMBOLS = NO;
				GCC_INLINES_ARE_PRIVATE_EXTERN = NO;
				GCC_OPTIMIZATION_LEVEL = 3;
				GCC_PREPROCESSOR_DEFINITIONS = (
					"'CMAKE_INTDIR=\"$(CONFIGURATION)$(EFFECTIVE_PLATFORM_NAME)\"'",
					zip_EXPORTS,
				);
				GCC_SYMBOLS_PRIVATE_EXTERN = NO;
				HEADER_SEARCH_PATHS = (
					"$(SRCROOT)/External/lipzip/lib",
					"$(SRCROOT)",
				);
				INSTALL_PATH = "@rpath";
				LIBRARY_SEARCH_PATHS = "";
				LIBRARY_STYLE = DYNAMIC;
				ONLY_ACTIVE_ARCH = NO;
				OTHER_CFLAGS = (
					"-DNDEBUG",
					"-fPIC",
					"-fvisibility=hidden",
				);
				OTHER_LDFLAGS = (
					"-dynamiclib",
					"-Wl,-headerpad_max_install_names",
					$SDKROOT/usr/lib/libbz2.tbd,
					$SDKROOT/usr/lib/liblzma.tbd,
					$SDKROOT/usr/lib/libz.tbd,
				);
				OTHER_REZFLAGS = "";
				PRODUCT_NAME = "$(TARGET_NAME)";
				SECTORDER_FLAGS = "";
				SYSTEM_HEADER_SEARCH_PATHS = /usr/local/include;
				USE_HEADERMAP = NO;
				WARNING_CFLAGS = "$(inherited)";
			};
			name = Release;
		};
		CC8A8EC3248F49D9AAF69F37 /* MinSizeRel */ = {
			isa = XCBuildConfiguration;
			buildSettings = {
				COMBINE_HIDPI_IMAGES = YES;
				GCC_GENERATE_DEBUGGING_SYMBOLS = YES;
				GCC_INLINES_ARE_PRIVATE_EXTERN = NO;
				GCC_OPTIMIZATION_LEVEL = 0;
				GCC_PREPROCESSOR_DEFINITIONS = "'CMAKE_INTDIR=\"$(CONFIGURATION)$(EFFECTIVE_PLATFORM_NAME)\"'";
				GCC_SYMBOLS_PRIVATE_EXTERN = NO;
				INSTALL_PATH = "@rpath";
				OTHER_LDFLAGS = " ";
				OTHER_REZFLAGS = "";
				PRODUCT_NAME = ZERO_CHECK;
				SECTORDER_FLAGS = "";
				USE_HEADERMAP = NO;
				WARNING_CFLAGS = "$(inherited)";
			};
			name = MinSizeRel;
		};
		CD0BE30D94064FDE8860F5F6 /* RelWithDebInfo */ = {
			isa = XCBuildConfiguration;
			buildSettings = {
				ARCHS = "$(ARCHS_STANDARD)";
				COMBINE_HIDPI_IMAGES = YES;
				GCC_GENERATE_DEBUGGING_SYMBOLS = YES;
				GCC_INLINES_ARE_PRIVATE_EXTERN = NO;
				GCC_OPTIMIZATION_LEVEL = 0;
				GCC_PREPROCESSOR_DEFINITIONS = "'CMAKE_INTDIR=\"$(CONFIGURATION)$(EFFECTIVE_PLATFORM_NAME)\"'";
				GCC_SYMBOLS_PRIVATE_EXTERN = NO;
				INSTALL_PATH = "@rpath";
				ONLY_ACTIVE_ARCH = NO;
				OTHER_LDFLAGS = " ";
				OTHER_REZFLAGS = "";
				PRODUCT_NAME = install;
				SECTORDER_FLAGS = "";
				USE_HEADERMAP = NO;
				WARNING_CFLAGS = "$(inherited)";
			};
			name = RelWithDebInfo;
		};
		CFA429030C8F45279855D980 /* RelWithDebInfo */ = {
			isa = XCBuildConfiguration;
			buildSettings = {
				COMBINE_HIDPI_IMAGES = YES;
				GCC_GENERATE_DEBUGGING_SYMBOLS = YES;
				GCC_INLINES_ARE_PRIVATE_EXTERN = NO;
				GCC_OPTIMIZATION_LEVEL = 0;
				GCC_PREPROCESSOR_DEFINITIONS = "'CMAKE_INTDIR=\"$(CONFIGURATION)$(EFFECTIVE_PLATFORM_NAME)\"'";
				GCC_SYMBOLS_PRIVATE_EXTERN = NO;
				INSTALL_PATH = "@rpath";
				OTHER_LDFLAGS = " ";
				OTHER_REZFLAGS = "";
				PRODUCT_NAME = dist;
				SECTORDER_FLAGS = "";
				USE_HEADERMAP = NO;
				WARNING_CFLAGS = "$(inherited)";
			};
			name = RelWithDebInfo;
		};
		D3AB714A7D1A445F9E298FBD /* Release */ = {
			isa = XCBuildConfiguration;
			buildSettings = {
				COMBINE_HIDPI_IMAGES = YES;
				GCC_GENERATE_DEBUGGING_SYMBOLS = YES;
				GCC_INLINES_ARE_PRIVATE_EXTERN = NO;
				GCC_OPTIMIZATION_LEVEL = 0;
				GCC_PREPROCESSOR_DEFINITIONS = "'CMAKE_INTDIR=\"$(CONFIGURATION)$(EFFECTIVE_PLATFORM_NAME)\"'";
				GCC_SYMBOLS_PRIVATE_EXTERN = NO;
				INSTALL_PATH = "@rpath";
				OTHER_LDFLAGS = " ";
				OTHER_REZFLAGS = "";
				PRODUCT_NAME = ZERO_CHECK;
				SECTORDER_FLAGS = "";
				USE_HEADERMAP = NO;
				WARNING_CFLAGS = "$(inherited)";
			};
			name = Release;
		};
		D4423AC9E5AE4551AE400178 /* RelWithDebInfo */ = {
			isa = XCBuildConfiguration;
			buildSettings = {
				ARCHS = "$(ARCHS_STANDARD)";
				COMBINE_HIDPI_IMAGES = YES;
				GCC_GENERATE_DEBUGGING_SYMBOLS = YES;
				GCC_INLINES_ARE_PRIVATE_EXTERN = NO;
				GCC_OPTIMIZATION_LEVEL = 0;
				GCC_PREPROCESSOR_DEFINITIONS = "'CMAKE_INTDIR=\"$(CONFIGURATION)$(EFFECTIVE_PLATFORM_NAME)\"'";
				GCC_SYMBOLS_PRIVATE_EXTERN = NO;
				INSTALL_PATH = "@rpath";
				ONLY_ACTIVE_ARCH = NO;
				OTHER_LDFLAGS = " ";
				OTHER_REZFLAGS = "";
				PRODUCT_NAME = RUN_TESTS;
				SECTORDER_FLAGS = "";
				USE_HEADERMAP = NO;
				WARNING_CFLAGS = "$(inherited)";
			};
			name = RelWithDebInfo;
		};
		D606DED15FAD4F60AE43C7FC /* Debug */ = {
			isa = XCBuildConfiguration;
			buildSettings = {
				ARCHS = "$(ARCHS_STANDARD)";
				COMBINE_HIDPI_IMAGES = YES;
				DYLIB_COMPATIBILITY_VERSION = 5.0.0;
				DYLIB_CURRENT_VERSION = 5.3.0;
				EXECUTABLE_PREFIX = lib;
				EXECUTABLE_SUFFIX = .dylib;
				GCC_GENERATE_DEBUGGING_SYMBOLS = YES;
				GCC_INLINES_ARE_PRIVATE_EXTERN = NO;
				GCC_OPTIMIZATION_LEVEL = 0;
				GCC_PREPROCESSOR_DEFINITIONS = (
					"'CMAKE_INTDIR=\"$(CONFIGURATION)$(EFFECTIVE_PLATFORM_NAME)\"'",
					zip_EXPORTS,
				);
				GCC_SYMBOLS_PRIVATE_EXTERN = NO;
				HEADER_SEARCH_PATHS = (
					"$(SRCROOT)/External/lipzip/lib",
					"$(SRCROOT)",
				);
				INSTALL_PATH = "@rpath";
				LIBRARY_SEARCH_PATHS = "";
				LIBRARY_STYLE = DYNAMIC;
				ONLY_ACTIVE_ARCH = NO;
				OTHER_CFLAGS = (
					"-fPIC",
					"-fvisibility=hidden",
				);
				OTHER_LDFLAGS = (
					"-dynamiclib",
					"-Wl,-headerpad_max_install_names",
					$SDKROOT/usr/lib/libbz2.tbd,
					$SDKROOT/usr/lib/liblzma.tbd,
					$SDKROOT/usr/lib/libz.tbd,
				);
				OTHER_REZFLAGS = "";
				PRODUCT_NAME = "$(TARGET_NAME)";
				SECTORDER_FLAGS = "";
				SYSTEM_HEADER_SEARCH_PATHS = /usr/local/include;
				USE_HEADERMAP = NO;
				WARNING_CFLAGS = "$(inherited)";
			};
			name = Debug;
		};
		DC7467E8747944999524A2C8 /* MinSizeRel */ = {
			isa = XCBuildConfiguration;
			buildSettings = {
				ARCHS = "$(ARCHS_STANDARD)";
				MACOSX_DEPLOYMENT_TARGET = 10.9;
				SDKROOT = macosx;
			};
			name = MinSizeRel;
		};
		E1E85DE719B14651A7C247FE /* RelWithDebInfo */ = {
			isa = XCBuildConfiguration;
			buildSettings = {
				COMBINE_HIDPI_IMAGES = YES;
				GCC_GENERATE_DEBUGGING_SYMBOLS = YES;
				GCC_INLINES_ARE_PRIVATE_EXTERN = NO;
				GCC_OPTIMIZATION_LEVEL = 0;
				GCC_PREPROCESSOR_DEFINITIONS = "'CMAKE_INTDIR=\"$(CONFIGURATION)$(EFFECTIVE_PLATFORM_NAME)\"'";
				GCC_SYMBOLS_PRIVATE_EXTERN = NO;
				INSTALL_PATH = "@rpath";
				OTHER_LDFLAGS = " ";
				OTHER_REZFLAGS = "";
				PRODUCT_NAME = distcheck;
				SECTORDER_FLAGS = "";
				USE_HEADERMAP = NO;
				WARNING_CFLAGS = "$(inherited)";
			};
			name = RelWithDebInfo;
		};
		E6FFCC9B39404D878037F91A /* RelWithDebInfo */ = {
			isa = XCBuildConfiguration;
			buildSettings = {
				COMBINE_HIDPI_IMAGES = YES;
				GCC_GENERATE_DEBUGGING_SYMBOLS = YES;
				GCC_INLINES_ARE_PRIVATE_EXTERN = NO;
				GCC_OPTIMIZATION_LEVEL = 0;
				GCC_PREPROCESSOR_DEFINITIONS = "'CMAKE_INTDIR=\"$(CONFIGURATION)$(EFFECTIVE_PLATFORM_NAME)\"'";
				GCC_SYMBOLS_PRIVATE_EXTERN = NO;
				INSTALL_PATH = "@rpath";
				OTHER_LDFLAGS = " ";
				OTHER_REZFLAGS = "";
				PRODUCT_NAME = ALL_BUILD;
				SECTORDER_FLAGS = "";
				USE_HEADERMAP = NO;
				WARNING_CFLAGS = "$(inherited)";
			};
			name = RelWithDebInfo;
		};
		FC2BE3B795334681B94C51BB /* MinSizeRel */ = {
			isa = XCBuildConfiguration;
			buildSettings = {
				COMBINE_HIDPI_IMAGES = YES;
				GCC_GENERATE_DEBUGGING_SYMBOLS = YES;
				GCC_INLINES_ARE_PRIVATE_EXTERN = NO;
				GCC_OPTIMIZATION_LEVEL = 0;
				GCC_PREPROCESSOR_DEFINITIONS = "'CMAKE_INTDIR=\"$(CONFIGURATION)$(EFFECTIVE_PLATFORM_NAME)\"'";
				GCC_SYMBOLS_PRIVATE_EXTERN = NO;
				INSTALL_PATH = "@rpath";
				OTHER_LDFLAGS = " ";
				OTHER_REZFLAGS = "";
				PRODUCT_NAME = dist;
				SECTORDER_FLAGS = "";
				USE_HEADERMAP = NO;
				WARNING_CFLAGS = "$(inherited)";
			};
			name = MinSizeRel;
		};
/* End XCBuildConfiguration section */

/* Begin XCConfigurationList section */
		472AE133DC754E33A76C2CB5 /* Build configuration list for PBXAggregateTarget "RUN_TESTS" */ = {
			isa = XCConfigurationList;
			buildConfigurations = (
				1A573277589B43ACA17BEF9E /* Debug */,
				6298A9D632E24B838F38CE2D /* Release */,
				254199B4CAD845F5AC8CF5B6 /* MinSizeRel */,
				D4423AC9E5AE4551AE400178 /* RelWithDebInfo */,
			);
			defaultConfigurationIsVisible = 0;
			defaultConfigurationName = Debug;
		};
		8500610289724E39BF0D3C5F /* Build configuration list for PBXAggregateTarget "install" */ = {
			isa = XCConfigurationList;
			buildConfigurations = (
				8AB26A625A8E496DAECA0021 /* Debug */,
				7EF6E60EC35B41AAAE3340C9 /* Release */,
				2D43D512BB3A4249B67D381E /* MinSizeRel */,
				CD0BE30D94064FDE8860F5F6 /* RelWithDebInfo */,
			);
			defaultConfigurationIsVisible = 0;
			defaultConfigurationName = Debug;
		};
		AA304F6FF4C64B58956C70D5 /* Build configuration list for PBXAggregateTarget "ZERO_CHECK" */ = {
			isa = XCConfigurationList;
			buildConfigurations = (
				8EC798368DEA4537BB88DFDD /* Debug */,
				D3AB714A7D1A445F9E298FBD /* Release */,
				CC8A8EC3248F49D9AAF69F37 /* MinSizeRel */,
				11BB97EC24F34876BC0D7587 /* RelWithDebInfo */,
			);
			defaultConfigurationIsVisible = 0;
			defaultConfigurationName = Debug;
		};
		BA84E78C85B6416293B182C4 /* Build configuration list for PBXAggregateTarget "dist" */ = {
			isa = XCConfigurationList;
			buildConfigurations = (
				97FDA16C678548028CBBC6B3 /* Debug */,
				977F82EF6A3B4872915C7709 /* Release */,
				FC2BE3B795334681B94C51BB /* MinSizeRel */,
				CFA429030C8F45279855D980 /* RelWithDebInfo */,
			);
			defaultConfigurationIsVisible = 0;
			defaultConfigurationName = Debug;
		};
		C4704E6BBAE142988878A0DC /* Build configuration list for PBXNativeTarget "zip" */ = {
			isa = XCConfigurationList;
			buildConfigurations = (
				D606DED15FAD4F60AE43C7FC /* Debug */,
				C7D2E6E7542549B0932C4A72 /* Release */,
				194C3600CB134DCD950DA1A7 /* MinSizeRel */,
				02D76691D6854E2AA44DCFDA /* RelWithDebInfo */,
			);
			defaultConfigurationIsVisible = 0;
			defaultConfigurationName = Debug;
		};
		D2B22A2FE8094774AF760675 /* Build configuration list for PBXProject "libzip" */ = {
			isa = XCConfigurationList;
			buildConfigurations = (
				09DD037F3A4F4ECA946BE8E9 /* Debug */,
				2DF4A74419694E5AB484DC80 /* Release */,
				DC7467E8747944999524A2C8 /* MinSizeRel */,
				859D84AEDA964126A953DFDC /* RelWithDebInfo */,
			);
			defaultConfigurationIsVisible = 0;
			defaultConfigurationName = Debug;
		};
		DCAE7B653D344BCB8945FD0A /* Build configuration list for PBXAggregateTarget "distcheck" */ = {
			isa = XCConfigurationList;
			buildConfigurations = (
				0F2C7F94E3BA40AFBB99C856 /* Debug */,
				770F52AC06F1482ABBAB6E78 /* Release */,
				36C7F10CDA344E8F8CAF8648 /* MinSizeRel */,
				E1E85DE719B14651A7C247FE /* RelWithDebInfo */,
			);
			defaultConfigurationIsVisible = 0;
			defaultConfigurationName = Debug;
		};
		E86F38DB161E485BB35EB5F8 /* Build configuration list for PBXAggregateTarget "ALL_BUILD" */ = {
			isa = XCConfigurationList;
			buildConfigurations = (
				3269BA4ED0854EB3B0497570 /* Debug */,
				246B53DD3F1941FF819A5746 /* Release */,
				1C090D49757149688D428113 /* MinSizeRel */,
				E6FFCC9B39404D878037F91A /* RelWithDebInfo */,
			);
			defaultConfigurationIsVisible = 0;
			defaultConfigurationName = Debug;
		};
/* End XCConfigurationList section */
	};
	rootObject = EEFD406BDDB1420B9D33F509 /* Project object */;
}
